{
  "version": 4,
  "terraform_version": "1.0.8",
  "serial": 51,
  "lineage": "92eca2ff-c7cb-4bda-a02b-82a19a320738",
  "outputs": {},
  "resources": [
    {
      "mode": "data",
      "type": "aws_availability_zones",
      "name": "azs",
      "provider": "provider[\"registry.terraform.io/hashicorp/aws\"]",
      "instances": [
        {
          "schema_version": 0,
          "attributes": {
            "all_availability_zones": null,
            "exclude_names": null,
            "exclude_zone_ids": null,
            "filter": null,
            "group_names": [
              "us-east-1"
            ],
            "id": "us-east-1",
            "names": [
              "us-east-1a",
              "us-east-1b",
              "us-east-1c",
              "us-east-1d",
              "us-east-1e",
              "us-east-1f"
            ],
            "state": null,
            "zone_ids": [
              "use1-az6",
              "use1-az1",
              "use1-az2",
              "use1-az4",
              "use1-az3",
              "use1-az5"
            ]
          },
          "sensitive_attributes": []
        }
      ]
    },
    {
      "mode": "data",
      "type": "aws_eks_cluster",
      "name": "vmw-cluster",
      "provider": "provider[\"registry.terraform.io/hashicorp/aws\"]",
      "instances": [
        {
          "schema_version": 0,
          "attributes": {
            "arn": "arn:aws:eks:us-east-1:981894193627:cluster/vmw-eks-cluster",
            "certificate_authority": [
              {
                "data": "LS0tLS1CRUdJTiBDRVJUSUZJQ0FURS0tLS0tCk1JSUM1ekNDQWMrZ0F3SUJBZ0lCQURBTkJna3Foa2lHOXcwQkFRc0ZBREFWTVJNd0VRWURWUVFERXdwcmRXSmwKY201bGRHVnpNQjRYRFRJeE1UQXdOREExTURZek9Gb1hEVE14TVRBd01qQTFNRFl6T0Zvd0ZURVRNQkVHQTFVRQpBeE1LYTNWaVpYSnVaWFJsY3pDQ0FTSXdEUVlKS29aSWh2Y05BUUVCQlFBRGdnRVBBRENDQVFvQ2dnRUJBS2JFCms1a3B0VkRMK04zRUxJRzJ0Rjd4OGFzWVlnVDNTNkhHbTUvVVRXYVM2ekdjUzJuRDdzOFZYR2d5d3ZRcCtweTEKVldqK3h3YzZLN0ZZczlVcFpTMXBnOFJTUmppaUN1RWFGLzlRSkdDcFB5a0RQTE05cWdFeDZob2sxNXdnUVJSZwpzaXNuYVhlTUZ0S0VSY0ZtQ3JqRGhQWWhtdXNRZTFHS1l0VUF5dmdTUmNvOEVWQS96NjdHdVBIQkpIcmNaMXI3Cmp5ZjB3K0NVSEFmWE9mOHF6ZUhaa081c1BaWm1NMW5TSjJPQkdIS3Bjd0tQdmRjbi9zdWJRQ2tYaGxVVjB0eDUKeVp5c3dpdVJaTkRCemhOSUhWY2pOS3hqMk9jQzVoc1ZseEdOeWtRT20yWnpOUU5WcEhBdVlzc0UzK2hKTlFDbwpodk9MT2xNQVJNUG9vSjZleE9VQ0F3RUFBYU5DTUVBd0RnWURWUjBQQVFIL0JBUURBZ0trTUE4R0ExVWRFd0VCCi93UUZNQU1CQWY4d0hRWURWUjBPQkJZRUZKcTFpNWVqcE5SbXZhRzdGVHYxdkoveXRQQmRNQTBHQ1NxR1NJYjMKRFFFQkN3VUFBNElCQVFCd2VGT1JWM2ZkeDFSTks5R2NNN2U2R0t5WTlTTm5hMXpjaVkyOHd4Q0o4TVRPTjVuSwppaHRIbnhscUI3TmdmMU0vNmF1c3g2clIwUEdvVkV6RTQxb1VhZDQ3c3RuV1VhWkZhL2Yza0FLbHV5aTVqb3NECmhEZnJXUjBWS1Y0WWF1UUY5dEt5blFvSHZmOGVpLy9EQ0Y2ZURtbGozelZaZ1JtVmExMDBMNFpXdjlqbjFzdzEKNHVsOGZ4cml4bVNHQitFMkl2KzFIR1NkdnVMM3kvQSsxcU9qSCtKeEJ1RURaYWkyb0ExYmIvb1NaalFaelBwMApQMUJxbW5MVWJLSlBMazhrVWtJSDBrVi95Z0dlTGNsMGN3a05hM2JQNDNEdUJsZkFSem5PMXBtVlRKVnE4d3gyClE0WXdiTWk3UzdXT0ViWVRLRWU0NEI2enE0c0E3NTExWXpUUQotLS0tLUVORCBDRVJUSUZJQ0FURS0tLS0tCg=="
              }
            ],
            "created_at": "2021-10-04 04:59:34.627 +0000 UTC",
            "enabled_cluster_log_types": [],
            "endpoint": "https://167AB4C5ED90FA854BDA4F11D7B2CAB4.gr7.us-east-1.eks.amazonaws.com",
            "id": "vmw-eks-cluster",
            "identity": [
              {
                "oidc": [
                  {
                    "issuer": "https://oidc.eks.us-east-1.amazonaws.com/id/167AB4C5ED90FA854BDA4F11D7B2CAB4"
                  }
                ]
              }
            ],
            "kubernetes_network_config": [
              {
                "service_ipv4_cidr": "172.20.0.0/16"
              }
            ],
            "name": "vmw-eks-cluster",
            "platform_version": "eks.2",
            "role_arn": "arn:aws:iam::981894193627:role/vmw-eks-cluster20211004045916711100000001",
            "status": "ACTIVE",
            "tags": {
              "application": "vmw",
              "environment": "dev"
            },
            "version": "1.20",
            "vpc_config": [
              {
                "cluster_security_group_id": "sg-0d34b47ad83286377",
                "endpoint_private_access": false,
                "endpoint_public_access": true,
                "public_access_cidrs": [
                  "0.0.0.0/0"
                ],
                "security_group_ids": [
                  "sg-0731a8f59f382ceae"
                ],
                "subnet_ids": [
                  "subnet-05bdae49ef3b29da0",
                  "subnet-07952e37989188d3b",
                  "subnet-0e3a295a72b0f5fce"
                ],
                "vpc_id": "vpc-0089e2e8ca698668b"
              }
            ]
          },
          "sensitive_attributes": []
        }
      ]
    },
    {
      "mode": "data",
      "type": "aws_eks_cluster_auth",
      "name": "vmw-cluster",
      "provider": "provider[\"registry.terraform.io/hashicorp/aws\"]",
      "instances": [
        {
          "schema_version": 0,
          "attributes": {
            "id": "vmw-eks-cluster",
            "name": "vmw-eks-cluster",
            "token": "k8s-aws-v1.aHR0cHM6Ly9zdHMuYW1hem9uYXdzLmNvbS8_QWN0aW9uPUdldENhbGxlcklkZW50aXR5JlZlcnNpb249MjAxMS0wNi0xNSZYLUFtei1BbGdvcml0aG09QVdTNC1ITUFDLVNIQTI1NiZYLUFtei1DcmVkZW50aWFsPUFLSUE2SkhMVU1ITlhCU0NMU1dHJTJGMjAyMTEwMDQlMkZ1cy1lYXN0LTElMkZzdHMlMkZhd3M0X3JlcXVlc3QmWC1BbXotRGF0ZT0yMDIxMTAwNFQwNTExNTNaJlgtQW16LUV4cGlyZXM9MCZYLUFtei1TaWduZWRIZWFkZXJzPWhvc3QlM0J4LWs4cy1hd3MtaWQmWC1BbXotU2lnbmF0dXJlPTZjOGFjYjgxNzQ4MjZmNzhjOGZjYTQ2OGExNTYzNzE4YjMyMDBhNmZhZDViYzA3ZjQ5NzhhNDI1NWE2MjkwNGY"
          },
          "sensitive_attributes": []
        }
      ]
    },
    {
      "module": "module.eks",
      "mode": "data",
      "type": "aws_ami",
      "name": "eks_worker",
      "provider": "provider[\"registry.terraform.io/hashicorp/aws\"]",
      "instances": [
        {
          "index_key": 0,
          "schema_version": 0,
          "attributes": {
            "architecture": "x86_64",
            "arn": "arn:aws:ec2:us-east-1::image/ami-0f1dee4fc4df48989",
            "block_device_mappings": [
              {
                "device_name": "/dev/xvda",
                "ebs": {
                  "delete_on_termination": "true",
                  "encrypted": "false",
                  "iops": "0",
                  "snapshot_id": "snap-0071cd0bf1211c76b",
                  "throughput": "0",
                  "volume_size": "20",
                  "volume_type": "gp2"
                },
                "no_device": "",
                "virtual_name": ""
              }
            ],
            "creation_date": "2021-10-01T08:08:02.000Z",
            "description": "EKS Kubernetes Worker AMI with AmazonLinux2 image, (k8s: 1.20.7, docker: 19.03.13ce-1.amzn2, containerd: 1.4.6-2.amzn2)",
            "ena_support": true,
            "executable_users": null,
            "filter": [
              {
                "name": "name",
                "values": [
                  "amazon-eks-node-1.20-v*"
                ]
              }
            ],
            "hypervisor": "xen",
            "id": "ami-0f1dee4fc4df48989",
            "image_id": "ami-0f1dee4fc4df48989",
            "image_location": "amazon/amazon-eks-node-1.20-v20211001",
            "image_owner_alias": "amazon",
            "image_type": "machine",
            "kernel_id": null,
            "most_recent": true,
            "name": "amazon-eks-node-1.20-v20211001",
            "name_regex": null,
            "owner_id": "602401143452",
            "owners": [
              "amazon"
            ],
            "platform": null,
            "platform_details": "Linux/UNIX",
            "product_codes": [],
            "public": true,
            "ramdisk_id": null,
            "root_device_name": "/dev/xvda",
            "root_device_type": "ebs",
            "root_snapshot_id": "snap-0071cd0bf1211c76b",
            "sriov_net_support": "simple",
            "state": "available",
            "state_reason": {
              "code": "UNSET",
              "message": "UNSET"
            },
            "tags": {},
            "usage_operation": "RunInstances",
            "virtualization_type": "hvm"
          },
          "sensitive_attributes": []
        }
      ]
    },
    {
      "module": "module.eks",
      "mode": "data",
      "type": "aws_caller_identity",
      "name": "current",
      "provider": "provider[\"registry.terraform.io/hashicorp/aws\"]",
      "instances": [
        {
          "schema_version": 0,
          "attributes": {
            "account_id": "981894193627",
            "arn": "arn:aws:iam::981894193627:user/the-first-mover",
            "id": "981894193627",
            "user_id": "AIDA6JHLUMHN22YGXLSS3"
          },
          "sensitive_attributes": []
        }
      ]
    },
    {
      "module": "module.eks",
      "mode": "data",
      "type": "aws_iam_policy_document",
      "name": "cluster_assume_role_policy",
      "provider": "provider[\"registry.terraform.io/hashicorp/aws\"]",
      "instances": [
        {
          "schema_version": 0,
          "attributes": {
            "id": "2764486067",
            "json": "{\n  \"Version\": \"2012-10-17\",\n  \"Statement\": [\n    {\n      \"Sid\": \"EKSClusterAssumeRole\",\n      \"Effect\": \"Allow\",\n      \"Action\": \"sts:AssumeRole\",\n      \"Principal\": {\n        \"Service\": \"eks.amazonaws.com\"\n      }\n    }\n  ]\n}",
            "override_json": null,
            "override_policy_documents": null,
            "policy_id": null,
            "source_json": null,
            "source_policy_documents": null,
            "statement": [
              {
                "actions": [
                  "sts:AssumeRole"
                ],
                "condition": [],
                "effect": "Allow",
                "not_actions": [],
                "not_principals": [],
                "not_resources": [],
                "principals": [
                  {
                    "identifiers": [
                      "eks.amazonaws.com"
                    ],
                    "type": "Service"
                  }
                ],
                "resources": [],
                "sid": "EKSClusterAssumeRole"
              }
            ],
            "version": "2012-10-17"
          },
          "sensitive_attributes": []
        }
      ]
    },
    {
      "module": "module.eks",
      "mode": "data",
      "type": "aws_iam_policy_document",
      "name": "cluster_elb_sl_role_creation",
      "provider": "provider[\"registry.terraform.io/hashicorp/aws\"]",
      "instances": [
        {
          "index_key": 0,
          "schema_version": 0,
          "attributes": {
            "id": "3709839417",
            "json": "{\n  \"Version\": \"2012-10-17\",\n  \"Statement\": [\n    {\n      \"Sid\": \"\",\n      \"Effect\": \"Allow\",\n      \"Action\": [\n        \"ec2:DescribeInternetGateways\",\n        \"ec2:DescribeAddresses\",\n        \"ec2:DescribeAccountAttributes\"\n      ],\n      \"Resource\": \"*\"\n    }\n  ]\n}",
            "override_json": null,
            "override_policy_documents": null,
            "policy_id": null,
            "source_json": null,
            "source_policy_documents": null,
            "statement": [
              {
                "actions": [
                  "ec2:DescribeAccountAttributes",
                  "ec2:DescribeAddresses",
                  "ec2:DescribeInternetGateways"
                ],
                "condition": [],
                "effect": "Allow",
                "not_actions": [],
                "not_principals": [],
                "not_resources": [],
                "principals": [],
                "resources": [
                  "*"
                ],
                "sid": ""
              }
            ],
            "version": "2012-10-17"
          },
          "sensitive_attributes": []
        }
      ]
    },
    {
      "module": "module.eks",
      "mode": "data",
      "type": "aws_iam_policy_document",
      "name": "workers_assume_role_policy",
      "provider": "provider[\"registry.terraform.io/hashicorp/aws\"]",
      "instances": [
        {
          "schema_version": 0,
          "attributes": {
            "id": "3778018924",
            "json": "{\n  \"Version\": \"2012-10-17\",\n  \"Statement\": [\n    {\n      \"Sid\": \"EKSWorkerAssumeRole\",\n      \"Effect\": \"Allow\",\n      \"Action\": \"sts:AssumeRole\",\n      \"Principal\": {\n        \"Service\": \"ec2.amazonaws.com\"\n      }\n    }\n  ]\n}",
            "override_json": null,
            "override_policy_documents": null,
            "policy_id": null,
            "source_json": null,
            "source_policy_documents": null,
            "statement": [
              {
                "actions": [
                  "sts:AssumeRole"
                ],
                "condition": [],
                "effect": "Allow",
                "not_actions": [],
                "not_principals": [],
                "not_resources": [],
                "principals": [
                  {
                    "identifiers": [
                      "ec2.amazonaws.com"
                    ],
                    "type": "Service"
                  }
                ],
                "resources": [],
                "sid": "EKSWorkerAssumeRole"
              }
            ],
            "version": "2012-10-17"
          },
          "sensitive_attributes": []
        }
      ]
    },
    {
      "module": "module.eks",
      "mode": "data",
      "type": "aws_partition",
      "name": "current",
      "provider": "provider[\"registry.terraform.io/hashicorp/aws\"]",
      "instances": [
        {
          "schema_version": 0,
          "attributes": {
            "dns_suffix": "amazonaws.com",
            "id": "aws",
            "partition": "aws",
            "reverse_dns_prefix": "com.amazonaws"
          },
          "sensitive_attributes": []
        }
      ]
    },
    {
      "module": "module.eks",
      "mode": "data",
      "type": "http",
      "name": "wait_for_cluster",
      "provider": "provider[\"registry.terraform.io/terraform-aws-modules/http\"]",
      "instances": [
        {
          "index_key": 0,
          "schema_version": 0,
          "attributes": {
            "body": "ok",
            "ca_certificate": "-----BEGIN CERTIFICATE-----\nMIIC5zCCAc+gAwIBAgIBADANBgkqhkiG9w0BAQsFADAVMRMwEQYDVQQDEwprdWJl\ncm5ldGVzMB4XDTIxMTAwNDA1MDYzOFoXDTMxMTAwMjA1MDYzOFowFTETMBEGA1UE\nAxMKa3ViZXJuZXRlczCCASIwDQYJKoZIhvcNAQEBBQADggEPADCCAQoCggEBAKbE\nk5kptVDL+N3ELIG2tF7x8asYYgT3S6HGm5/UTWaS6zGcS2nD7s8VXGgywvQp+py1\nVWj+xwc6K7FYs9UpZS1pg8RSRjiiCuEaF/9QJGCpPykDPLM9qgEx6hok15wgQRRg\nsisnaXeMFtKERcFmCrjDhPYhmusQe1GKYtUAyvgSRco8EVA/z67GuPHBJHrcZ1r7\njyf0w+CUHAfXOf8qzeHZkO5sPZZmM1nSJ2OBGHKpcwKPvdcn/subQCkXhlUV0tx5\nyZyswiuRZNDBzhNIHVcjNKxj2OcC5hsVlxGNykQOm2ZzNQNVpHAuYssE3+hJNQCo\nhvOLOlMARMPooJ6exOUCAwEAAaNCMEAwDgYDVR0PAQH/BAQDAgKkMA8GA1UdEwEB\n/wQFMAMBAf8wHQYDVR0OBBYEFJq1i5ejpNRmvaG7FTv1vJ/ytPBdMA0GCSqGSIb3\nDQEBCwUAA4IBAQBweFORV3fdx1RNK9GcM7e6GKyY9SNna1zciY28wxCJ8MTON5nK\nihtHnxlqB7Ngf1M/6ausx6rR0PGoVEzE41oUad47stnWUaZFa/f3kAKluyi5josD\nhDfrWR0VKV4YauQF9tKynQoHvf8ei//DCF6eDmlj3zVZgRmVa100L4ZWv9jn1sw1\n4ul8fxrixmSGB+E2Iv+1HGSdvuL3y/A+1qOjH+JxBuEDZai2oA1bb/oSZjQZzPp0\nP1BqmnLUbKJPLk8kUkIH0kV/ygGeLcl0cwkNa3bP43DuBlfARznO1pmVTJVq8wx2\nQ4YwbMi7S7WOEbYTKEe44B6zq4sA7511YzTQ\n-----END CERTIFICATE-----\n",
            "id": "https://167AB4C5ED90FA854BDA4F11D7B2CAB4.gr7.us-east-1.eks.amazonaws.com/healthz",
            "insecure": false,
            "request_headers": null,
            "response_headers": {
              "Cache-Control": "no-cache, private",
              "Content-Length": "2",
              "Content-Type": "text/plain; charset=utf-8",
              "Date": "Mon, 04 Oct 2021 05:11:53 GMT",
              "X-Content-Type-Options": "nosniff",
              "X-Kubernetes-Pf-Flowschema-Uid": "92de2ac3-b47e-472a-a5cc-104c0ad92521",
              "X-Kubernetes-Pf-Prioritylevel-Uid": "3fcb0942-2a03-4878-9f0f-f08f105f718f"
            },
            "timeout": 300,
            "url": "https://167AB4C5ED90FA854BDA4F11D7B2CAB4.gr7.us-east-1.eks.amazonaws.com/healthz"
          },
          "sensitive_attributes": []
        }
      ]
    },
    {
      "module": "module.eks",
      "mode": "managed",
      "type": "aws_autoscaling_group",
      "name": "workers",
      "provider": "provider[\"registry.terraform.io/hashicorp/aws\"]",
      "instances": [
        {
          "index_key": 0,
          "schema_version": 0,
          "attributes": {
            "arn": "arn:aws:autoscaling:us-east-1:981894193627:autoScalingGroup:a80d2153-3f21-4cf7-9224-a639cd4e9cce:autoScalingGroupName/vmw-eks-cluster-vmw-runner-group-120211004051204384700000011",
            "availability_zones": [
              "us-east-1a",
              "us-east-1b",
              "us-east-1c"
            ],
            "capacity_rebalance": false,
            "default_cooldown": 300,
            "desired_capacity": 1,
            "enabled_metrics": null,
            "force_delete": false,
            "force_delete_warm_pool": false,
            "health_check_grace_period": 300,
            "health_check_type": "EC2",
            "id": "vmw-eks-cluster-vmw-runner-group-120211004051204384700000011",
            "initial_lifecycle_hook": [],
            "instance_refresh": [],
            "launch_configuration": "vmw-eks-cluster-vmw-runner-group-12021100405115500060000000f",
            "launch_template": [],
            "load_balancers": null,
            "max_instance_lifetime": 0,
            "max_size": 3,
            "metrics_granularity": "1Minute",
            "min_elb_capacity": null,
            "min_size": 1,
            "mixed_instances_policy": [],
            "name": "vmw-eks-cluster-vmw-runner-group-120211004051204384700000011",
            "name_prefix": "vmw-eks-cluster-vmw-runner-group-1",
            "placement_group": "",
            "protect_from_scale_in": false,
            "service_linked_role_arn": "arn:aws:iam::981894193627:role/aws-service-role/autoscaling.amazonaws.com/AWSServiceRoleForAutoScaling",
            "suspended_processes": [
              "AZRebalance"
            ],
            "tag": [
              {
                "key": "Name",
                "propagate_at_launch": true,
                "value": "vmw-eks-cluster-vmw-runner-group-1-eks_asg"
              },
              {
                "key": "application",
                "propagate_at_launch": true,
                "value": "vmw"
              },
              {
                "key": "environment",
                "propagate_at_launch": true,
                "value": "dev"
              },
              {
                "key": "k8s.io/cluster/vmw-eks-cluster",
                "propagate_at_launch": true,
                "value": "owned"
              },
              {
                "key": "kubernetes.io/cluster/vmw-eks-cluster",
                "propagate_at_launch": true,
                "value": "owned"
              }
            ],
            "tags": null,
            "target_group_arns": null,
            "termination_policies": [],
            "timeouts": null,
            "vpc_zone_identifier": [
              "subnet-05bdae49ef3b29da0",
              "subnet-07952e37989188d3b",
              "subnet-0e3a295a72b0f5fce"
            ],
            "wait_for_capacity_timeout": "10m",
            "wait_for_elb_capacity": null,
            "warm_pool": []
          },
          "sensitive_attributes": [],
          "private": "eyJlMmJmYjczMC1lY2FhLTExZTYtOGY4OC0zNDM2M2JjN2M0YzAiOnsiZGVsZXRlIjo2MDAwMDAwMDAwMDB9fQ==",
          "dependencies": [
            "data.aws_availability_zones.azs",
            "module.eks.aws_cloudwatch_log_group.this",
            "module.eks.aws_eks_cluster.this",
            "module.eks.aws_iam_instance_profile.workers",
            "module.eks.aws_iam_role.cluster",
            "module.eks.aws_iam_role.workers",
            "module.eks.aws_iam_role_policy_attachment.cluster_AmazonEKSClusterPolicy",
            "module.eks.aws_iam_role_policy_attachment.cluster_AmazonEKSServicePolicy",
            "module.eks.aws_iam_role_policy_attachment.cluster_AmazonEKSVPCResourceControllerPolicy",
            "module.eks.aws_iam_role_policy_attachment.workers_AmazonEC2ContainerRegistryReadOnly",
            "module.eks.aws_iam_role_policy_attachment.workers_AmazonEKSWorkerNodePolicy",
            "module.eks.aws_iam_role_policy_attachment.workers_AmazonEKS_CNI_Policy",
            "module.eks.aws_iam_role_policy_attachment.workers_additional_policies",
            "module.eks.aws_launch_configuration.workers",
            "module.eks.aws_security_group.cluster",
            "module.eks.aws_security_group.workers",
            "module.eks.aws_security_group_rule.cluster_egress_internet",
            "module.eks.aws_security_group_rule.cluster_https_worker_ingress",
            "module.eks.aws_security_group_rule.cluster_primary_ingress_workers",
            "module.eks.aws_security_group_rule.workers_egress_internet",
            "module.eks.aws_security_group_rule.workers_ingress_cluster",
            "module.eks.aws_security_group_rule.workers_ingress_cluster_https",
            "module.eks.aws_security_group_rule.workers_ingress_cluster_kubelet",
            "module.eks.aws_security_group_rule.workers_ingress_cluster_primary",
            "module.eks.aws_security_group_rule.workers_ingress_self",
            "module.eks.data.aws_ami.eks_worker",
            "module.eks.data.aws_ami.eks_worker_windows",
            "module.eks.data.aws_iam_instance_profile.custom_worker_group_iam_instance_profile",
            "module.eks.data.aws_iam_policy_document.cluster_assume_role_policy",
            "module.eks.data.aws_iam_policy_document.workers_assume_role_policy",
            "module.eks.data.aws_iam_role.custom_cluster_iam_role",
            "module.eks.data.aws_partition.current",
            "module.vmw-vpc.aws_subnet.private",
            "module.vmw-vpc.aws_vpc.this",
            "module.vmw-vpc.aws_vpc_ipv4_cidr_block_association.this"
          ],
          "create_before_destroy": true
        },
        {
          "index_key": 1,
          "schema_version": 0,
          "attributes": {
            "arn": "arn:aws:autoscaling:us-east-1:981894193627:autoScalingGroup:cf16a52e-cd4c-4304-93e0-da11e562a3b4:autoScalingGroupName/vmw-eks-cluster-vmw-runner-group-220211004051204384700000012",
            "availability_zones": [
              "us-east-1a",
              "us-east-1b",
              "us-east-1c"
            ],
            "capacity_rebalance": false,
            "default_cooldown": 300,
            "desired_capacity": 1,
            "enabled_metrics": null,
            "force_delete": false,
            "force_delete_warm_pool": false,
            "health_check_grace_period": 300,
            "health_check_type": "EC2",
            "id": "vmw-eks-cluster-vmw-runner-group-220211004051204384700000012",
            "initial_lifecycle_hook": [],
            "instance_refresh": [],
            "launch_configuration": "vmw-eks-cluster-vmw-runner-group-220211004051155000600000010",
            "launch_template": [],
            "load_balancers": null,
            "max_instance_lifetime": 0,
            "max_size": 3,
            "metrics_granularity": "1Minute",
            "min_elb_capacity": null,
            "min_size": 1,
            "mixed_instances_policy": [],
            "name": "vmw-eks-cluster-vmw-runner-group-220211004051204384700000012",
            "name_prefix": "vmw-eks-cluster-vmw-runner-group-2",
            "placement_group": "",
            "protect_from_scale_in": false,
            "service_linked_role_arn": "arn:aws:iam::981894193627:role/aws-service-role/autoscaling.amazonaws.com/AWSServiceRoleForAutoScaling",
            "suspended_processes": [
              "AZRebalance"
            ],
            "tag": [
              {
                "key": "Name",
                "propagate_at_launch": true,
                "value": "vmw-eks-cluster-vmw-runner-group-2-eks_asg"
              },
              {
                "key": "application",
                "propagate_at_launch": true,
                "value": "vmw"
              },
              {
                "key": "environment",
                "propagate_at_launch": true,
                "value": "dev"
              },
              {
                "key": "k8s.io/cluster/vmw-eks-cluster",
                "propagate_at_launch": true,
                "value": "owned"
              },
              {
                "key": "kubernetes.io/cluster/vmw-eks-cluster",
                "propagate_at_launch": true,
                "value": "owned"
              }
            ],
            "tags": null,
            "target_group_arns": null,
            "termination_policies": [],
            "timeouts": null,
            "vpc_zone_identifier": [
              "subnet-05bdae49ef3b29da0",
              "subnet-07952e37989188d3b",
              "subnet-0e3a295a72b0f5fce"
            ],
            "wait_for_capacity_timeout": "10m",
            "wait_for_elb_capacity": null,
            "warm_pool": []
          },
          "sensitive_attributes": [],
          "private": "eyJlMmJmYjczMC1lY2FhLTExZTYtOGY4OC0zNDM2M2JjN2M0YzAiOnsiZGVsZXRlIjo2MDAwMDAwMDAwMDB9fQ==",
          "dependencies": [
            "data.aws_availability_zones.azs",
            "module.eks.aws_cloudwatch_log_group.this",
            "module.eks.aws_eks_cluster.this",
            "module.eks.aws_iam_instance_profile.workers",
            "module.eks.aws_iam_role.cluster",
            "module.eks.aws_iam_role.workers",
            "module.eks.aws_iam_role_policy_attachment.cluster_AmazonEKSClusterPolicy",
            "module.eks.aws_iam_role_policy_attachment.cluster_AmazonEKSServicePolicy",
            "module.eks.aws_iam_role_policy_attachment.cluster_AmazonEKSVPCResourceControllerPolicy",
            "module.eks.aws_iam_role_policy_attachment.workers_AmazonEC2ContainerRegistryReadOnly",
            "module.eks.aws_iam_role_policy_attachment.workers_AmazonEKSWorkerNodePolicy",
            "module.eks.aws_iam_role_policy_attachment.workers_AmazonEKS_CNI_Policy",
            "module.eks.aws_iam_role_policy_attachment.workers_additional_policies",
            "module.eks.aws_launch_configuration.workers",
            "module.eks.aws_security_group.cluster",
            "module.eks.aws_security_group.workers",
            "module.eks.aws_security_group_rule.cluster_egress_internet",
            "module.eks.aws_security_group_rule.cluster_https_worker_ingress",
            "module.eks.aws_security_group_rule.cluster_primary_ingress_workers",
            "module.eks.aws_security_group_rule.workers_egress_internet",
            "module.eks.aws_security_group_rule.workers_ingress_cluster",
            "module.eks.aws_security_group_rule.workers_ingress_cluster_https",
            "module.eks.aws_security_group_rule.workers_ingress_cluster_kubelet",
            "module.eks.aws_security_group_rule.workers_ingress_cluster_primary",
            "module.eks.aws_security_group_rule.workers_ingress_self",
            "module.eks.data.aws_ami.eks_worker",
            "module.eks.data.aws_ami.eks_worker_windows",
            "module.eks.data.aws_iam_instance_profile.custom_worker_group_iam_instance_profile",
            "module.eks.data.aws_iam_policy_document.cluster_assume_role_policy",
            "module.eks.data.aws_iam_policy_document.workers_assume_role_policy",
            "module.eks.data.aws_iam_role.custom_cluster_iam_role",
            "module.eks.data.aws_partition.current",
            "module.vmw-vpc.aws_subnet.private",
            "module.vmw-vpc.aws_vpc.this",
            "module.vmw-vpc.aws_vpc_ipv4_cidr_block_association.this"
          ],
          "create_before_destroy": true
        }
      ]
    },
    {
      "module": "module.eks",
      "mode": "managed",
      "type": "aws_eks_cluster",
      "name": "this",
      "provider": "provider[\"registry.terraform.io/hashicorp/aws\"]",
      "instances": [
        {
          "index_key": 0,
          "schema_version": 0,
          "attributes": {
            "arn": "arn:aws:eks:us-east-1:981894193627:cluster/vmw-eks-cluster",
            "certificate_authority": [
              {
                "data": "LS0tLS1CRUdJTiBDRVJUSUZJQ0FURS0tLS0tCk1JSUM1ekNDQWMrZ0F3SUJBZ0lCQURBTkJna3Foa2lHOXcwQkFRc0ZBREFWTVJNd0VRWURWUVFERXdwcmRXSmwKY201bGRHVnpNQjRYRFRJeE1UQXdOREExTURZek9Gb1hEVE14TVRBd01qQTFNRFl6T0Zvd0ZURVRNQkVHQTFVRQpBeE1LYTNWaVpYSnVaWFJsY3pDQ0FTSXdEUVlKS29aSWh2Y05BUUVCQlFBRGdnRVBBRENDQVFvQ2dnRUJBS2JFCms1a3B0VkRMK04zRUxJRzJ0Rjd4OGFzWVlnVDNTNkhHbTUvVVRXYVM2ekdjUzJuRDdzOFZYR2d5d3ZRcCtweTEKVldqK3h3YzZLN0ZZczlVcFpTMXBnOFJTUmppaUN1RWFGLzlRSkdDcFB5a0RQTE05cWdFeDZob2sxNXdnUVJSZwpzaXNuYVhlTUZ0S0VSY0ZtQ3JqRGhQWWhtdXNRZTFHS1l0VUF5dmdTUmNvOEVWQS96NjdHdVBIQkpIcmNaMXI3Cmp5ZjB3K0NVSEFmWE9mOHF6ZUhaa081c1BaWm1NMW5TSjJPQkdIS3Bjd0tQdmRjbi9zdWJRQ2tYaGxVVjB0eDUKeVp5c3dpdVJaTkRCemhOSUhWY2pOS3hqMk9jQzVoc1ZseEdOeWtRT20yWnpOUU5WcEhBdVlzc0UzK2hKTlFDbwpodk9MT2xNQVJNUG9vSjZleE9VQ0F3RUFBYU5DTUVBd0RnWURWUjBQQVFIL0JBUURBZ0trTUE4R0ExVWRFd0VCCi93UUZNQU1CQWY4d0hRWURWUjBPQkJZRUZKcTFpNWVqcE5SbXZhRzdGVHYxdkoveXRQQmRNQTBHQ1NxR1NJYjMKRFFFQkN3VUFBNElCQVFCd2VGT1JWM2ZkeDFSTks5R2NNN2U2R0t5WTlTTm5hMXpjaVkyOHd4Q0o4TVRPTjVuSwppaHRIbnhscUI3TmdmMU0vNmF1c3g2clIwUEdvVkV6RTQxb1VhZDQ3c3RuV1VhWkZhL2Yza0FLbHV5aTVqb3NECmhEZnJXUjBWS1Y0WWF1UUY5dEt5blFvSHZmOGVpLy9EQ0Y2ZURtbGozelZaZ1JtVmExMDBMNFpXdjlqbjFzdzEKNHVsOGZ4cml4bVNHQitFMkl2KzFIR1NkdnVMM3kvQSsxcU9qSCtKeEJ1RURaYWkyb0ExYmIvb1NaalFaelBwMApQMUJxbW5MVWJLSlBMazhrVWtJSDBrVi95Z0dlTGNsMGN3a05hM2JQNDNEdUJsZkFSem5PMXBtVlRKVnE4d3gyClE0WXdiTWk3UzdXT0ViWVRLRWU0NEI2enE0c0E3NTExWXpUUQotLS0tLUVORCBDRVJUSUZJQ0FURS0tLS0tCg=="
              }
            ],
            "created_at": "2021-10-04 04:59:34.627 +0000 UTC",
            "enabled_cluster_log_types": null,
            "encryption_config": [],
            "endpoint": "https://167AB4C5ED90FA854BDA4F11D7B2CAB4.gr7.us-east-1.eks.amazonaws.com",
            "id": "vmw-eks-cluster",
            "identity": [
              {
                "oidc": [
                  {
                    "issuer": "https://oidc.eks.us-east-1.amazonaws.com/id/167AB4C5ED90FA854BDA4F11D7B2CAB4"
                  }
                ]
              }
            ],
            "kubernetes_network_config": [
              {
                "service_ipv4_cidr": "172.20.0.0/16"
              }
            ],
            "name": "vmw-eks-cluster",
            "platform_version": "eks.2",
            "role_arn": "arn:aws:iam::981894193627:role/vmw-eks-cluster20211004045916711100000001",
            "status": "ACTIVE",
            "tags": {
              "application": "vmw",
              "environment": "dev"
            },
            "tags_all": {
              "application": "vmw",
              "environment": "dev"
            },
            "timeouts": {
              "create": "30m",
              "delete": "15m",
              "update": "60m"
            },
            "version": "1.20",
            "vpc_config": [
              {
                "cluster_security_group_id": "sg-0d34b47ad83286377",
                "endpoint_private_access": false,
                "endpoint_public_access": true,
                "public_access_cidrs": [
                  "0.0.0.0/0"
                ],
                "security_group_ids": [
                  "sg-0731a8f59f382ceae"
                ],
                "subnet_ids": [
                  "subnet-05bdae49ef3b29da0",
                  "subnet-07952e37989188d3b",
                  "subnet-0e3a295a72b0f5fce"
                ],
                "vpc_id": "vpc-0089e2e8ca698668b"
              }
            ]
          },
          "sensitive_attributes": [],
          "private": "eyJlMmJmYjczMC1lY2FhLTExZTYtOGY4OC0zNDM2M2JjN2M0YzAiOnsiY3JlYXRlIjoxODAwMDAwMDAwMDAwLCJkZWxldGUiOjkwMDAwMDAwMDAwMCwidXBkYXRlIjozNjAwMDAwMDAwMDAwfX0=",
          "dependencies": [
            "data.aws_availability_zones.azs",
            "module.eks.aws_cloudwatch_log_group.this",
            "module.eks.aws_iam_role.cluster",
            "module.eks.aws_iam_role_policy_attachment.cluster_AmazonEKSClusterPolicy",
            "module.eks.aws_iam_role_policy_attachment.cluster_AmazonEKSServicePolicy",
            "module.eks.aws_iam_role_policy_attachment.cluster_AmazonEKSVPCResourceControllerPolicy",
            "module.eks.aws_security_group.cluster",
            "module.eks.aws_security_group.workers",
            "module.eks.aws_security_group_rule.cluster_egress_internet",
            "module.eks.aws_security_group_rule.cluster_https_worker_ingress",
            "module.eks.data.aws_iam_policy_document.cluster_assume_role_policy",
            "module.eks.data.aws_iam_role.custom_cluster_iam_role",
            "module.eks.data.aws_partition.current",
            "module.vmw-vpc.aws_subnet.private",
            "module.vmw-vpc.aws_vpc.this",
            "module.vmw-vpc.aws_vpc_ipv4_cidr_block_association.this"
          ],
          "create_before_destroy": true
        }
      ]
    },
    {
      "module": "module.eks",
      "mode": "managed",
      "type": "aws_iam_instance_profile",
      "name": "workers",
      "provider": "provider[\"registry.terraform.io/hashicorp/aws\"]",
      "instances": [
        {
          "index_key": 0,
          "schema_version": 0,
          "attributes": {
            "arn": "arn:aws:iam::981894193627:instance-profile/vmw-eks-cluster2021100405115430200000000a",
            "create_date": "2021-10-04T05:11:54Z",
            "id": "vmw-eks-cluster2021100405115430200000000a",
            "name": "vmw-eks-cluster2021100405115430200000000a",
            "name_prefix": "vmw-eks-cluster",
            "path": "/",
            "role": "vmw-eks-cluster20211004051153590700000009",
            "tags": {
              "application": "vmw",
              "environment": "dev"
            },
            "tags_all": {
              "application": "vmw",
              "environment": "dev"
            },
            "unique_id": "AIPA6JHLUMHNSG4VMYP2Z"
          },
          "sensitive_attributes": [],
          "private": "bnVsbA==",
          "dependencies": [
            "data.aws_availability_zones.azs",
            "module.eks.aws_cloudwatch_log_group.this",
            "module.eks.aws_eks_cluster.this",
            "module.eks.aws_iam_role.cluster",
            "module.eks.aws_iam_role.workers",
            "module.eks.aws_iam_role_policy_attachment.cluster_AmazonEKSClusterPolicy",
            "module.eks.aws_iam_role_policy_attachment.cluster_AmazonEKSServicePolicy",
            "module.eks.aws_iam_role_policy_attachment.cluster_AmazonEKSVPCResourceControllerPolicy",
            "module.eks.aws_security_group.cluster",
            "module.eks.aws_security_group.workers",
            "module.eks.aws_security_group_rule.cluster_egress_internet",
            "module.eks.aws_security_group_rule.cluster_https_worker_ingress",
            "module.eks.data.aws_iam_policy_document.cluster_assume_role_policy",
            "module.eks.data.aws_iam_policy_document.workers_assume_role_policy",
            "module.eks.data.aws_iam_role.custom_cluster_iam_role",
            "module.eks.data.aws_partition.current",
            "module.vmw-vpc.aws_subnet.private",
            "module.vmw-vpc.aws_vpc.this",
            "module.vmw-vpc.aws_vpc_ipv4_cidr_block_association.this"
          ],
          "create_before_destroy": true
        },
        {
          "index_key": 1,
          "schema_version": 0,
          "attributes": {
            "arn": "arn:aws:iam::981894193627:instance-profile/vmw-eks-cluster2021100405115430280000000b",
            "create_date": "2021-10-04T05:11:54Z",
            "id": "vmw-eks-cluster2021100405115430280000000b",
            "name": "vmw-eks-cluster2021100405115430280000000b",
            "name_prefix": "vmw-eks-cluster",
            "path": "/",
            "role": "vmw-eks-cluster20211004051153590700000009",
            "tags": {
              "application": "vmw",
              "environment": "dev"
            },
            "tags_all": {
              "application": "vmw",
              "environment": "dev"
            },
            "unique_id": "AIPA6JHLUMHN3WSXN2DMK"
          },
          "sensitive_attributes": [],
          "private": "bnVsbA==",
          "dependencies": [
            "data.aws_availability_zones.azs",
            "module.eks.aws_cloudwatch_log_group.this",
            "module.eks.aws_eks_cluster.this",
            "module.eks.aws_iam_role.cluster",
            "module.eks.aws_iam_role.workers",
            "module.eks.aws_iam_role_policy_attachment.cluster_AmazonEKSClusterPolicy",
            "module.eks.aws_iam_role_policy_attachment.cluster_AmazonEKSServicePolicy",
            "module.eks.aws_iam_role_policy_attachment.cluster_AmazonEKSVPCResourceControllerPolicy",
            "module.eks.aws_security_group.cluster",
            "module.eks.aws_security_group.workers",
            "module.eks.aws_security_group_rule.cluster_egress_internet",
            "module.eks.aws_security_group_rule.cluster_https_worker_ingress",
            "module.eks.data.aws_iam_policy_document.cluster_assume_role_policy",
            "module.eks.data.aws_iam_policy_document.workers_assume_role_policy",
            "module.eks.data.aws_iam_role.custom_cluster_iam_role",
            "module.eks.data.aws_partition.current",
            "module.vmw-vpc.aws_subnet.private",
            "module.vmw-vpc.aws_vpc.this",
            "module.vmw-vpc.aws_vpc_ipv4_cidr_block_association.this"
          ],
          "create_before_destroy": true
        }
      ]
    },
    {
      "module": "module.eks",
      "mode": "managed",
      "type": "aws_iam_policy",
      "name": "cluster_elb_sl_role_creation",
      "provider": "provider[\"registry.terraform.io/hashicorp/aws\"]",
      "instances": [
        {
          "index_key": 0,
          "schema_version": 0,
          "attributes": {
            "arn": "arn:aws:iam::981894193627:policy/vmw-eks-cluster-elb-sl-role-creation20211004045916711700000002",
            "description": "Permissions for EKS to create AWSServiceRoleForElasticLoadBalancing service-linked role",
            "id": "arn:aws:iam::981894193627:policy/vmw-eks-cluster-elb-sl-role-creation20211004045916711700000002",
            "name": "vmw-eks-cluster-elb-sl-role-creation20211004045916711700000002",
            "name_prefix": "vmw-eks-cluster-elb-sl-role-creation",
            "path": "/",
            "policy": "{\n  \"Version\": \"2012-10-17\",\n  \"Statement\": [\n    {\n      \"Sid\": \"\",\n      \"Effect\": \"Allow\",\n      \"Action\": [\n        \"ec2:DescribeInternetGateways\",\n        \"ec2:DescribeAddresses\",\n        \"ec2:DescribeAccountAttributes\"\n      ],\n      \"Resource\": \"*\"\n    }\n  ]\n}",
            "policy_id": "ANPA6JHLUMHN5OQ3PF6QZ",
            "tags": {
              "application": "vmw",
              "environment": "dev"
            },
            "tags_all": {
              "application": "vmw",
              "environment": "dev"
            }
          },
          "sensitive_attributes": [],
          "private": "bnVsbA==",
          "dependencies": [
            "module.eks.data.aws_iam_policy_document.cluster_elb_sl_role_creation"
          ]
        }
      ]
    },
    {
      "module": "module.eks",
      "mode": "managed",
      "type": "aws_iam_role",
      "name": "cluster",
      "provider": "provider[\"registry.terraform.io/hashicorp/aws\"]",
      "instances": [
        {
          "index_key": 0,
          "schema_version": 0,
          "attributes": {
            "arn": "arn:aws:iam::981894193627:role/vmw-eks-cluster20211004045916711100000001",
            "assume_role_policy": "{\"Version\":\"2012-10-17\",\"Statement\":[{\"Sid\":\"EKSClusterAssumeRole\",\"Effect\":\"Allow\",\"Principal\":{\"Service\":\"eks.amazonaws.com\"},\"Action\":\"sts:AssumeRole\"}]}",
            "create_date": "2021-10-04T04:59:16Z",
            "description": "",
            "force_detach_policies": true,
            "id": "vmw-eks-cluster20211004045916711100000001",
            "inline_policy": [
              {
                "name": "",
                "policy": ""
              }
            ],
            "managed_policy_arns": [],
            "max_session_duration": 3600,
            "name": "vmw-eks-cluster20211004045916711100000001",
            "name_prefix": "vmw-eks-cluster",
            "path": "/",
            "permissions_boundary": null,
            "tags": {
              "application": "vmw",
              "environment": "dev"
            },
            "tags_all": {
              "application": "vmw",
              "environment": "dev"
            },
            "unique_id": "AROA6JHLUMHNS7BLQV6KC"
          },
          "sensitive_attributes": [],
          "private": "bnVsbA==",
          "dependencies": [
            "module.eks.data.aws_iam_policy_document.cluster_assume_role_policy"
          ],
          "create_before_destroy": true
        }
      ]
    },
    {
      "module": "module.eks",
      "mode": "managed",
      "type": "aws_iam_role",
      "name": "workers",
      "provider": "provider[\"registry.terraform.io/hashicorp/aws\"]",
      "instances": [
        {
          "index_key": 0,
          "schema_version": 0,
          "attributes": {
            "arn": "arn:aws:iam::981894193627:role/vmw-eks-cluster20211004051153590700000009",
            "assume_role_policy": "{\"Version\":\"2012-10-17\",\"Statement\":[{\"Sid\":\"EKSWorkerAssumeRole\",\"Effect\":\"Allow\",\"Principal\":{\"Service\":\"ec2.amazonaws.com\"},\"Action\":\"sts:AssumeRole\"}]}",
            "create_date": "2021-10-04T05:11:53Z",
            "description": "",
            "force_detach_policies": true,
            "id": "vmw-eks-cluster20211004051153590700000009",
            "inline_policy": [
              {
                "name": "",
                "policy": ""
              }
            ],
            "managed_policy_arns": [],
            "max_session_duration": 3600,
            "name": "vmw-eks-cluster20211004051153590700000009",
            "name_prefix": "vmw-eks-cluster",
            "path": "/",
            "permissions_boundary": null,
            "tags": {
              "application": "vmw",
              "environment": "dev"
            },
            "tags_all": {
              "application": "vmw",
              "environment": "dev"
            },
            "unique_id": "AROA6JHLUMHNQQ24WWLR2"
          },
          "sensitive_attributes": [],
          "private": "bnVsbA==",
          "dependencies": [
            "data.aws_availability_zones.azs",
            "module.eks.aws_cloudwatch_log_group.this",
            "module.eks.aws_eks_cluster.this",
            "module.eks.aws_iam_role.cluster",
            "module.eks.aws_iam_role_policy_attachment.cluster_AmazonEKSClusterPolicy",
            "module.eks.aws_iam_role_policy_attachment.cluster_AmazonEKSServicePolicy",
            "module.eks.aws_iam_role_policy_attachment.cluster_AmazonEKSVPCResourceControllerPolicy",
            "module.eks.aws_security_group.cluster",
            "module.eks.aws_security_group.workers",
            "module.eks.aws_security_group_rule.cluster_egress_internet",
            "module.eks.aws_security_group_rule.cluster_https_worker_ingress",
            "module.eks.data.aws_iam_policy_document.cluster_assume_role_policy",
            "module.eks.data.aws_iam_policy_document.workers_assume_role_policy",
            "module.eks.data.aws_iam_role.custom_cluster_iam_role",
            "module.eks.data.aws_partition.current",
            "module.vmw-vpc.aws_subnet.private",
            "module.vmw-vpc.aws_vpc.this",
            "module.vmw-vpc.aws_vpc_ipv4_cidr_block_association.this"
          ],
          "create_before_destroy": true
        }
      ]
    },
    {
      "module": "module.eks",
      "mode": "managed",
      "type": "aws_iam_role_policy_attachment",
      "name": "cluster_AmazonEKSClusterPolicy",
      "provider": "provider[\"registry.terraform.io/hashicorp/aws\"]",
      "instances": [
        {
          "index_key": 0,
          "schema_version": 0,
          "attributes": {
            "id": "vmw-eks-cluster20211004045916711100000001-20211004045917381900000006",
            "policy_arn": "arn:aws:iam::aws:policy/AmazonEKSClusterPolicy",
            "role": "vmw-eks-cluster20211004045916711100000001"
          },
          "sensitive_attributes": [],
          "private": "bnVsbA==",
          "dependencies": [
            "module.eks.aws_iam_role.cluster",
            "module.eks.data.aws_iam_policy_document.cluster_assume_role_policy",
            "module.eks.data.aws_partition.current"
          ],
          "create_before_destroy": true
        }
      ]
    },
    {
      "module": "module.eks",
      "mode": "managed",
      "type": "aws_iam_role_policy_attachment",
      "name": "cluster_AmazonEKSServicePolicy",
      "provider": "provider[\"registry.terraform.io/hashicorp/aws\"]",
      "instances": [
        {
          "index_key": 0,
          "schema_version": 0,
          "attributes": {
            "id": "vmw-eks-cluster20211004045916711100000001-20211004045917380700000005",
            "policy_arn": "arn:aws:iam::aws:policy/AmazonEKSServicePolicy",
            "role": "vmw-eks-cluster20211004045916711100000001"
          },
          "sensitive_attributes": [],
          "private": "bnVsbA==",
          "dependencies": [
            "module.eks.aws_iam_role.cluster",
            "module.eks.data.aws_iam_policy_document.cluster_assume_role_policy",
            "module.eks.data.aws_partition.current"
          ],
          "create_before_destroy": true
        }
      ]
    },
    {
      "module": "module.eks",
      "mode": "managed",
      "type": "aws_iam_role_policy_attachment",
      "name": "cluster_AmazonEKSVPCResourceControllerPolicy",
      "provider": "provider[\"registry.terraform.io/hashicorp/aws\"]",
      "instances": [
        {
          "index_key": 0,
          "schema_version": 0,
          "attributes": {
            "id": "vmw-eks-cluster20211004045916711100000001-20211004045917378000000003",
            "policy_arn": "arn:aws:iam::aws:policy/AmazonEKSVPCResourceController",
            "role": "vmw-eks-cluster20211004045916711100000001"
          },
          "sensitive_attributes": [],
          "private": "bnVsbA==",
          "dependencies": [
            "module.eks.aws_iam_role.cluster",
            "module.eks.data.aws_iam_policy_document.cluster_assume_role_policy",
            "module.eks.data.aws_partition.current"
          ],
          "create_before_destroy": true
        }
      ]
    },
    {
      "module": "module.eks",
      "mode": "managed",
      "type": "aws_iam_role_policy_attachment",
      "name": "cluster_elb_sl_role_creation",
      "provider": "provider[\"registry.terraform.io/hashicorp/aws\"]",
      "instances": [
        {
          "index_key": 0,
          "schema_version": 0,
          "attributes": {
            "id": "vmw-eks-cluster20211004045916711100000001-20211004045917379700000004",
            "policy_arn": "arn:aws:iam::981894193627:policy/vmw-eks-cluster-elb-sl-role-creation20211004045916711700000002",
            "role": "vmw-eks-cluster20211004045916711100000001"
          },
          "sensitive_attributes": [],
          "private": "bnVsbA==",
          "dependencies": [
            "module.eks.aws_iam_policy.cluster_elb_sl_role_creation",
            "module.eks.aws_iam_role.cluster",
            "module.eks.data.aws_iam_policy_document.cluster_assume_role_policy",
            "module.eks.data.aws_iam_policy_document.cluster_elb_sl_role_creation"
          ]
        }
      ]
    },
    {
      "module": "module.eks",
      "mode": "managed",
      "type": "aws_iam_role_policy_attachment",
      "name": "workers_AmazonEC2ContainerRegistryReadOnly",
      "provider": "provider[\"registry.terraform.io/hashicorp/aws\"]",
      "instances": [
        {
          "index_key": 0,
          "schema_version": 0,
          "attributes": {
            "id": "vmw-eks-cluster20211004051153590700000009-2021100405115447740000000d",
            "policy_arn": "arn:aws:iam::aws:policy/AmazonEC2ContainerRegistryReadOnly",
            "role": "vmw-eks-cluster20211004051153590700000009"
          },
          "sensitive_attributes": [],
          "private": "bnVsbA==",
          "dependencies": [
            "data.aws_availability_zones.azs",
            "module.eks.aws_cloudwatch_log_group.this",
            "module.eks.aws_eks_cluster.this",
            "module.eks.aws_iam_role.cluster",
            "module.eks.aws_iam_role.workers",
            "module.eks.aws_iam_role_policy_attachment.cluster_AmazonEKSClusterPolicy",
            "module.eks.aws_iam_role_policy_attachment.cluster_AmazonEKSServicePolicy",
            "module.eks.aws_iam_role_policy_attachment.cluster_AmazonEKSVPCResourceControllerPolicy",
            "module.eks.aws_security_group.cluster",
            "module.eks.aws_security_group.workers",
            "module.eks.aws_security_group_rule.cluster_egress_internet",
            "module.eks.aws_security_group_rule.cluster_https_worker_ingress",
            "module.eks.data.aws_iam_policy_document.cluster_assume_role_policy",
            "module.eks.data.aws_iam_policy_document.workers_assume_role_policy",
            "module.eks.data.aws_iam_role.custom_cluster_iam_role",
            "module.eks.data.aws_partition.current",
            "module.vmw-vpc.aws_subnet.private",
            "module.vmw-vpc.aws_vpc.this",
            "module.vmw-vpc.aws_vpc_ipv4_cidr_block_association.this"
          ],
          "create_before_destroy": true
        }
      ]
    },
    {
      "module": "module.eks",
      "mode": "managed",
      "type": "aws_iam_role_policy_attachment",
      "name": "workers_AmazonEKSWorkerNodePolicy",
      "provider": "provider[\"registry.terraform.io/hashicorp/aws\"]",
      "instances": [
        {
          "index_key": 0,
          "schema_version": 0,
          "attributes": {
            "id": "vmw-eks-cluster20211004051153590700000009-2021100405115448330000000e",
            "policy_arn": "arn:aws:iam::aws:policy/AmazonEKSWorkerNodePolicy",
            "role": "vmw-eks-cluster20211004051153590700000009"
          },
          "sensitive_attributes": [],
          "private": "bnVsbA==",
          "dependencies": [
            "data.aws_availability_zones.azs",
            "module.eks.aws_cloudwatch_log_group.this",
            "module.eks.aws_eks_cluster.this",
            "module.eks.aws_iam_role.cluster",
            "module.eks.aws_iam_role.workers",
            "module.eks.aws_iam_role_policy_attachment.cluster_AmazonEKSClusterPolicy",
            "module.eks.aws_iam_role_policy_attachment.cluster_AmazonEKSServicePolicy",
            "module.eks.aws_iam_role_policy_attachment.cluster_AmazonEKSVPCResourceControllerPolicy",
            "module.eks.aws_security_group.cluster",
            "module.eks.aws_security_group.workers",
            "module.eks.aws_security_group_rule.cluster_egress_internet",
            "module.eks.aws_security_group_rule.cluster_https_worker_ingress",
            "module.eks.data.aws_iam_policy_document.cluster_assume_role_policy",
            "module.eks.data.aws_iam_policy_document.workers_assume_role_policy",
            "module.eks.data.aws_iam_role.custom_cluster_iam_role",
            "module.eks.data.aws_partition.current",
            "module.vmw-vpc.aws_subnet.private",
            "module.vmw-vpc.aws_vpc.this",
            "module.vmw-vpc.aws_vpc_ipv4_cidr_block_association.this"
          ],
          "create_before_destroy": true
        }
      ]
    },
    {
      "module": "module.eks",
      "mode": "managed",
      "type": "aws_iam_role_policy_attachment",
      "name": "workers_AmazonEKS_CNI_Policy",
      "provider": "provider[\"registry.terraform.io/hashicorp/aws\"]",
      "instances": [
        {
          "index_key": 0,
          "schema_version": 0,
          "attributes": {
            "id": "vmw-eks-cluster20211004051153590700000009-2021100405115446630000000c",
            "policy_arn": "arn:aws:iam::aws:policy/AmazonEKS_CNI_Policy",
            "role": "vmw-eks-cluster20211004051153590700000009"
          },
          "sensitive_attributes": [],
          "private": "bnVsbA==",
          "dependencies": [
            "data.aws_availability_zones.azs",
            "module.eks.aws_cloudwatch_log_group.this",
            "module.eks.aws_eks_cluster.this",
            "module.eks.aws_iam_role.cluster",
            "module.eks.aws_iam_role.workers",
            "module.eks.aws_iam_role_policy_attachment.cluster_AmazonEKSClusterPolicy",
            "module.eks.aws_iam_role_policy_attachment.cluster_AmazonEKSServicePolicy",
            "module.eks.aws_iam_role_policy_attachment.cluster_AmazonEKSVPCResourceControllerPolicy",
            "module.eks.aws_security_group.cluster",
            "module.eks.aws_security_group.workers",
            "module.eks.aws_security_group_rule.cluster_egress_internet",
            "module.eks.aws_security_group_rule.cluster_https_worker_ingress",
            "module.eks.data.aws_iam_policy_document.cluster_assume_role_policy",
            "module.eks.data.aws_iam_policy_document.workers_assume_role_policy",
            "module.eks.data.aws_iam_role.custom_cluster_iam_role",
            "module.eks.data.aws_partition.current",
            "module.vmw-vpc.aws_subnet.private",
            "module.vmw-vpc.aws_vpc.this",
            "module.vmw-vpc.aws_vpc_ipv4_cidr_block_association.this"
          ],
          "create_before_destroy": true
        }
      ]
    },
    {
      "module": "module.eks",
      "mode": "managed",
      "type": "aws_launch_configuration",
      "name": "workers",
      "provider": "provider[\"registry.terraform.io/hashicorp/aws\"]",
      "instances": [
        {
          "index_key": 0,
          "schema_version": 0,
          "attributes": {
            "arn": "arn:aws:autoscaling:us-east-1:981894193627:launchConfiguration:384bb970-382d-4fe1-814f-1646955d9d31:launchConfigurationName/vmw-eks-cluster-vmw-runner-group-12021100405115500060000000f",
            "associate_public_ip_address": false,
            "ebs_block_device": [],
            "ebs_optimized": false,
            "enable_monitoring": true,
            "ephemeral_block_device": [],
            "iam_instance_profile": "vmw-eks-cluster2021100405115430200000000a",
            "id": "vmw-eks-cluster-vmw-runner-group-12021100405115500060000000f",
            "image_id": "ami-0f1dee4fc4df48989",
            "instance_type": "t2.small",
            "key_name": "",
            "metadata_options": [
              {
                "http_endpoint": "enabled",
                "http_put_response_hop_limit": 1,
                "http_tokens": "optional"
              }
            ],
            "name": "vmw-eks-cluster-vmw-runner-group-12021100405115500060000000f",
            "name_prefix": "vmw-eks-cluster-vmw-runner-group-1",
            "placement_tenancy": "",
            "root_block_device": [
              {
                "delete_on_termination": true,
                "encrypted": false,
                "iops": 0,
                "throughput": 0,
                "volume_size": 100,
                "volume_type": "gp2"
              }
            ],
            "security_groups": [
              "sg-0fdd100c7d8fb89b9"
            ],
            "spot_price": "",
            "user_data": null,
            "user_data_base64": "IyEvYmluL2Jhc2ggLWUKCiMgQWxsb3cgdXNlciBzdXBwbGllZCBwcmUgdXNlcmRhdGEgY29kZQoKCiMgQm9vdHN0cmFwIGFuZCBqb2luIHRoZSBjbHVzdGVyCi9ldGMvZWtzL2Jvb3RzdHJhcC5zaCAtLWI2NC1jbHVzdGVyLWNhICdMUzB0TFMxQ1JVZEpUaUJEUlZKVVNVWkpRMEZVUlMwdExTMHRDazFKU1VNMWVrTkRRV01yWjBGM1NVSkJaMGxDUVVSQlRrSm5hM0ZvYTJsSE9YY3dRa0ZSYzBaQlJFRldUVkpOZDBWUldVUldVVkZFUlhkd2NtUlhTbXdLWTIwMWJHUkhWbnBOUWpSWVJGUkplRTFVUVhkT1JFRXhUVVJaZWs5R2IxaEVWRTE0VFZSQmQwMXFRVEZOUkZsNlQwWnZkMFpVUlZSTlFrVkhRVEZWUlFwQmVFMUxZVE5XYVZwWVNuVmFXRkpzWTNwRFEwRlRTWGRFVVZsS1MyOWFTV2gyWTA1QlVVVkNRbEZCUkdkblJWQkJSRU5EUVZGdlEyZG5SVUpCUzJKRkNtczFhM0IwVmtSTUswNHpSVXhKUnpKMFJqZDRPR0Z6V1ZsblZETlROa2hIYlRVdlZWUlhZVk0yZWtkalV6SnVSRGR6T0ZaWVIyZDVkM1pSY0N0d2VURUtWbGRxSzNoM1l6WkxOMFpaY3psVmNGcFRNWEJuT0ZKVFVtcHBhVU4xUldGR0x6bFJTa2REY0ZCNWEwUlFURTA1Y1dkRmVEWm9iMnN4TlhkblVWSlNad3B6YVhOdVlWaGxUVVowUzBWU1kwWnRRM0pxUkdoUVdXaHRkWE5SWlRGSFMxbDBWVUY1ZG1kVFVtTnZPRVZXUVM5Nk5qZEhkVkJJUWtwSWNtTmFNWEkzQ21wNVpqQjNLME5WU0VGbVdFOW1PSEY2WlVoYWEwODFjMUJhV20xTk1XNVRTakpQUWtkSVMzQmpkMHRRZG1SamJpOXpkV0pSUTJ0WWFHeFZWakIwZURVS2VWcDVjM2RwZFZKYVRrUkNlbWhPU1VoV1kycE9TM2hxTWs5alF6Vm9jMVpzZUVkT2VXdFJUMjB5V25wT1VVNVdjRWhCZFZsemMwVXpLMmhLVGxGRGJ3cG9kazlNVDJ4TlFWSk5VRzl2U2pabGVFOVZRMEYzUlVGQllVNURUVVZCZDBSbldVUldVakJRUVZGSUwwSkJVVVJCWjB0clRVRTRSMEV4VldSRmQwVkNDaTkzVVVaTlFVMUNRV1k0ZDBoUldVUldVakJQUWtKWlJVWktjVEZwTldWcWNFNVNiWFpoUnpkR1ZIWXhka292ZVhSUVFtUk5RVEJIUTFOeFIxTkpZak1LUkZGRlFrTjNWVUZCTkVsQ1FWRkNkMlZHVDFKV00yWmtlREZTVGtzNVIyTk5OMlUyUjB0NVdUbFRUbTVoTVhwamFWa3lPSGQ0UTBvNFRWUlBUalZ1U3dwcGFIUklibmhzY1VJM1RtZG1NVTB2Tm1GMWMzZzJjbEl3VUVkdlZrVjZSVFF4YjFWaFpEUTNjM1J1VjFWaFdrWmhMMll6YTBGTGJIVjVhVFZxYjNORUNtaEVabkpYVWpCV1MxWTBXV0YxVVVZNWRFdDVibEZ2U0habU9HVnBMeTlFUTBZMlpVUnRiR296ZWxaYVoxSnRWbUV4TURCTU5GcFhkamxxYmpGemR6RUtOSFZzT0daNGNtbDRiVk5IUWl0Rk1rbDJLekZJUjFOa2RuVk1NM2t2UVNzeGNVOXFTQ3RLZUVKMVJVUmFZV2t5YjBFeFltSXZiMU5hYWxGYWVsQndNQXBRTVVKeGJXNU1WV0pMU2xCTWF6aHJWV3RKU0RCclZpOTVaMGRsVEdOc01HTjNhMDVoTTJKUU5ETkVkVUpzWmtGU2VtNVBNWEJ0VmxSS1ZuRTRkM2d5Q2xFMFdYZGlUV2szVXpkWFQwVmlXVlJMUldVME5FSTJlbkUwYzBFM05URXhXWHBVVVFvdExTMHRMVVZPUkNCRFJWSlVTVVpKUTBGVVJTMHRMUzB0Q2c9PScgLS1hcGlzZXJ2ZXItZW5kcG9pbnQgJ2h0dHBzOi8vMTY3QUI0QzVFRDkwRkE4NTRCREE0RjExRDdCMkNBQjQuZ3I3LnVzLWVhc3QtMS5la3MuYW1hem9uYXdzLmNvbScgIC0ta3ViZWxldC1leHRyYS1hcmdzICIiICd2bXctZWtzLWNsdXN0ZXInCgojIEFsbG93IHVzZXIgc3VwcGxpZWQgdXNlcmRhdGEgY29kZQoK",
            "vpc_classic_link_id": "",
            "vpc_classic_link_security_groups": null
          },
          "sensitive_attributes": [],
          "private": "bnVsbA==",
          "dependencies": [
            "data.aws_availability_zones.azs",
            "module.eks.aws_cloudwatch_log_group.this",
            "module.eks.aws_eks_cluster.this",
            "module.eks.aws_iam_instance_profile.workers",
            "module.eks.aws_iam_role.cluster",
            "module.eks.aws_iam_role.workers",
            "module.eks.aws_iam_role_policy_attachment.cluster_AmazonEKSClusterPolicy",
            "module.eks.aws_iam_role_policy_attachment.cluster_AmazonEKSServicePolicy",
            "module.eks.aws_iam_role_policy_attachment.cluster_AmazonEKSVPCResourceControllerPolicy",
            "module.eks.aws_iam_role_policy_attachment.workers_AmazonEC2ContainerRegistryReadOnly",
            "module.eks.aws_iam_role_policy_attachment.workers_AmazonEKSWorkerNodePolicy",
            "module.eks.aws_iam_role_policy_attachment.workers_AmazonEKS_CNI_Policy",
            "module.eks.aws_iam_role_policy_attachment.workers_additional_policies",
            "module.eks.aws_security_group.cluster",
            "module.eks.aws_security_group.workers",
            "module.eks.aws_security_group_rule.cluster_egress_internet",
            "module.eks.aws_security_group_rule.cluster_https_worker_ingress",
            "module.eks.aws_security_group_rule.cluster_primary_ingress_workers",
            "module.eks.aws_security_group_rule.workers_egress_internet",
            "module.eks.aws_security_group_rule.workers_ingress_cluster",
            "module.eks.aws_security_group_rule.workers_ingress_cluster_https",
            "module.eks.aws_security_group_rule.workers_ingress_cluster_kubelet",
            "module.eks.aws_security_group_rule.workers_ingress_cluster_primary",
            "module.eks.aws_security_group_rule.workers_ingress_self",
            "module.eks.data.aws_ami.eks_worker",
            "module.eks.data.aws_ami.eks_worker_windows",
            "module.eks.data.aws_iam_instance_profile.custom_worker_group_iam_instance_profile",
            "module.eks.data.aws_iam_policy_document.cluster_assume_role_policy",
            "module.eks.data.aws_iam_policy_document.workers_assume_role_policy",
            "module.eks.data.aws_iam_role.custom_cluster_iam_role",
            "module.eks.data.aws_partition.current",
            "module.vmw-vpc.aws_subnet.private",
            "module.vmw-vpc.aws_vpc.this",
            "module.vmw-vpc.aws_vpc_ipv4_cidr_block_association.this"
          ],
          "create_before_destroy": true
        },
        {
          "index_key": 1,
          "schema_version": 0,
          "attributes": {
            "arn": "arn:aws:autoscaling:us-east-1:981894193627:launchConfiguration:12940abb-e144-4b36-83aa-3d3a47afc703:launchConfigurationName/vmw-eks-cluster-vmw-runner-group-220211004051155000600000010",
            "associate_public_ip_address": false,
            "ebs_block_device": [],
            "ebs_optimized": false,
            "enable_monitoring": true,
            "ephemeral_block_device": [],
            "iam_instance_profile": "vmw-eks-cluster2021100405115430280000000b",
            "id": "vmw-eks-cluster-vmw-runner-group-220211004051155000600000010",
            "image_id": "ami-0f1dee4fc4df48989",
            "instance_type": "t2.small",
            "key_name": "",
            "metadata_options": [
              {
                "http_endpoint": "enabled",
                "http_put_response_hop_limit": 1,
                "http_tokens": "optional"
              }
            ],
            "name": "vmw-eks-cluster-vmw-runner-group-220211004051155000600000010",
            "name_prefix": "vmw-eks-cluster-vmw-runner-group-2",
            "placement_tenancy": "",
            "root_block_device": [
              {
                "delete_on_termination": true,
                "encrypted": false,
                "iops": 0,
                "throughput": 0,
                "volume_size": 100,
                "volume_type": "gp2"
              }
            ],
            "security_groups": [
              "sg-0fdd100c7d8fb89b9"
            ],
            "spot_price": "",
            "user_data": null,
            "user_data_base64": "IyEvYmluL2Jhc2ggLWUKCiMgQWxsb3cgdXNlciBzdXBwbGllZCBwcmUgdXNlcmRhdGEgY29kZQoKCiMgQm9vdHN0cmFwIGFuZCBqb2luIHRoZSBjbHVzdGVyCi9ldGMvZWtzL2Jvb3RzdHJhcC5zaCAtLWI2NC1jbHVzdGVyLWNhICdMUzB0TFMxQ1JVZEpUaUJEUlZKVVNVWkpRMEZVUlMwdExTMHRDazFKU1VNMWVrTkRRV01yWjBGM1NVSkJaMGxDUVVSQlRrSm5hM0ZvYTJsSE9YY3dRa0ZSYzBaQlJFRldUVkpOZDBWUldVUldVVkZFUlhkd2NtUlhTbXdLWTIwMWJHUkhWbnBOUWpSWVJGUkplRTFVUVhkT1JFRXhUVVJaZWs5R2IxaEVWRTE0VFZSQmQwMXFRVEZOUkZsNlQwWnZkMFpVUlZSTlFrVkhRVEZWUlFwQmVFMUxZVE5XYVZwWVNuVmFXRkpzWTNwRFEwRlRTWGRFVVZsS1MyOWFTV2gyWTA1QlVVVkNRbEZCUkdkblJWQkJSRU5EUVZGdlEyZG5SVUpCUzJKRkNtczFhM0IwVmtSTUswNHpSVXhKUnpKMFJqZDRPR0Z6V1ZsblZETlROa2hIYlRVdlZWUlhZVk0yZWtkalV6SnVSRGR6T0ZaWVIyZDVkM1pSY0N0d2VURUtWbGRxSzNoM1l6WkxOMFpaY3psVmNGcFRNWEJuT0ZKVFVtcHBhVU4xUldGR0x6bFJTa2REY0ZCNWEwUlFURTA1Y1dkRmVEWm9iMnN4TlhkblVWSlNad3B6YVhOdVlWaGxUVVowUzBWU1kwWnRRM0pxUkdoUVdXaHRkWE5SWlRGSFMxbDBWVUY1ZG1kVFVtTnZPRVZXUVM5Nk5qZEhkVkJJUWtwSWNtTmFNWEkzQ21wNVpqQjNLME5WU0VGbVdFOW1PSEY2WlVoYWEwODFjMUJhV20xTk1XNVRTakpQUWtkSVMzQmpkMHRRZG1SamJpOXpkV0pSUTJ0WWFHeFZWakIwZURVS2VWcDVjM2RwZFZKYVRrUkNlbWhPU1VoV1kycE9TM2hxTWs5alF6Vm9jMVpzZUVkT2VXdFJUMjB5V25wT1VVNVdjRWhCZFZsemMwVXpLMmhLVGxGRGJ3cG9kazlNVDJ4TlFWSk5VRzl2U2pabGVFOVZRMEYzUlVGQllVNURUVVZCZDBSbldVUldVakJRUVZGSUwwSkJVVVJCWjB0clRVRTRSMEV4VldSRmQwVkNDaTkzVVVaTlFVMUNRV1k0ZDBoUldVUldVakJQUWtKWlJVWktjVEZwTldWcWNFNVNiWFpoUnpkR1ZIWXhka292ZVhSUVFtUk5RVEJIUTFOeFIxTkpZak1LUkZGRlFrTjNWVUZCTkVsQ1FWRkNkMlZHVDFKV00yWmtlREZTVGtzNVIyTk5OMlUyUjB0NVdUbFRUbTVoTVhwamFWa3lPSGQ0UTBvNFRWUlBUalZ1U3dwcGFIUklibmhzY1VJM1RtZG1NVTB2Tm1GMWMzZzJjbEl3VUVkdlZrVjZSVFF4YjFWaFpEUTNjM1J1VjFWaFdrWmhMMll6YTBGTGJIVjVhVFZxYjNORUNtaEVabkpYVWpCV1MxWTBXV0YxVVVZNWRFdDVibEZ2U0habU9HVnBMeTlFUTBZMlpVUnRiR296ZWxaYVoxSnRWbUV4TURCTU5GcFhkamxxYmpGemR6RUtOSFZzT0daNGNtbDRiVk5IUWl0Rk1rbDJLekZJUjFOa2RuVk1NM2t2UVNzeGNVOXFTQ3RLZUVKMVJVUmFZV2t5YjBFeFltSXZiMU5hYWxGYWVsQndNQXBRTVVKeGJXNU1WV0pMU2xCTWF6aHJWV3RKU0RCclZpOTVaMGRsVEdOc01HTjNhMDVoTTJKUU5ETkVkVUpzWmtGU2VtNVBNWEJ0VmxSS1ZuRTRkM2d5Q2xFMFdYZGlUV2szVXpkWFQwVmlXVlJMUldVME5FSTJlbkUwYzBFM05URXhXWHBVVVFvdExTMHRMVVZPUkNCRFJWSlVTVVpKUTBGVVJTMHRMUzB0Q2c9PScgLS1hcGlzZXJ2ZXItZW5kcG9pbnQgJ2h0dHBzOi8vMTY3QUI0QzVFRDkwRkE4NTRCREE0RjExRDdCMkNBQjQuZ3I3LnVzLWVhc3QtMS5la3MuYW1hem9uYXdzLmNvbScgIC0ta3ViZWxldC1leHRyYS1hcmdzICIiICd2bXctZWtzLWNsdXN0ZXInCgojIEFsbG93IHVzZXIgc3VwcGxpZWQgdXNlcmRhdGEgY29kZQoK",
            "vpc_classic_link_id": "",
            "vpc_classic_link_security_groups": null
          },
          "sensitive_attributes": [],
          "private": "bnVsbA==",
          "dependencies": [
            "data.aws_availability_zones.azs",
            "module.eks.aws_cloudwatch_log_group.this",
            "module.eks.aws_eks_cluster.this",
            "module.eks.aws_iam_instance_profile.workers",
            "module.eks.aws_iam_role.cluster",
            "module.eks.aws_iam_role.workers",
            "module.eks.aws_iam_role_policy_attachment.cluster_AmazonEKSClusterPolicy",
            "module.eks.aws_iam_role_policy_attachment.cluster_AmazonEKSServicePolicy",
            "module.eks.aws_iam_role_policy_attachment.cluster_AmazonEKSVPCResourceControllerPolicy",
            "module.eks.aws_iam_role_policy_attachment.workers_AmazonEC2ContainerRegistryReadOnly",
            "module.eks.aws_iam_role_policy_attachment.workers_AmazonEKSWorkerNodePolicy",
            "module.eks.aws_iam_role_policy_attachment.workers_AmazonEKS_CNI_Policy",
            "module.eks.aws_iam_role_policy_attachment.workers_additional_policies",
            "module.eks.aws_security_group.cluster",
            "module.eks.aws_security_group.workers",
            "module.eks.aws_security_group_rule.cluster_egress_internet",
            "module.eks.aws_security_group_rule.cluster_https_worker_ingress",
            "module.eks.aws_security_group_rule.cluster_primary_ingress_workers",
            "module.eks.aws_security_group_rule.workers_egress_internet",
            "module.eks.aws_security_group_rule.workers_ingress_cluster",
            "module.eks.aws_security_group_rule.workers_ingress_cluster_https",
            "module.eks.aws_security_group_rule.workers_ingress_cluster_kubelet",
            "module.eks.aws_security_group_rule.workers_ingress_cluster_primary",
            "module.eks.aws_security_group_rule.workers_ingress_self",
            "module.eks.data.aws_ami.eks_worker",
            "module.eks.data.aws_ami.eks_worker_windows",
            "module.eks.data.aws_iam_instance_profile.custom_worker_group_iam_instance_profile",
            "module.eks.data.aws_iam_policy_document.cluster_assume_role_policy",
            "module.eks.data.aws_iam_policy_document.workers_assume_role_policy",
            "module.eks.data.aws_iam_role.custom_cluster_iam_role",
            "module.eks.data.aws_partition.current",
            "module.vmw-vpc.aws_subnet.private",
            "module.vmw-vpc.aws_vpc.this",
            "module.vmw-vpc.aws_vpc_ipv4_cidr_block_association.this"
          ],
          "create_before_destroy": true
        }
      ]
    },
    {
      "module": "module.eks",
      "mode": "managed",
      "type": "aws_security_group",
      "name": "cluster",
      "provider": "provider[\"registry.terraform.io/hashicorp/aws\"]",
      "instances": [
        {
          "index_key": 0,
          "schema_version": 1,
          "attributes": {
            "arn": "arn:aws:ec2:us-east-1:981894193627:security-group/sg-0731a8f59f382ceae",
            "description": "EKS cluster security group.",
            "egress": [],
            "id": "sg-0731a8f59f382ceae",
            "ingress": [],
            "name": "vmw-eks-cluster20211004045930030800000008",
            "name_prefix": "vmw-eks-cluster",
            "owner_id": "981894193627",
            "revoke_rules_on_delete": false,
            "tags": {
              "Name": "vmw-eks-cluster-eks_cluster_sg",
              "application": "vmw",
              "environment": "dev"
            },
            "tags_all": {
              "Name": "vmw-eks-cluster-eks_cluster_sg",
              "application": "vmw",
              "environment": "dev"
            },
            "timeouts": null,
            "vpc_id": "vpc-0089e2e8ca698668b"
          },
          "sensitive_attributes": [],
          "private": "eyJlMmJmYjczMC1lY2FhLTExZTYtOGY4OC0zNDM2M2JjN2M0YzAiOnsiY3JlYXRlIjo2MDAwMDAwMDAwMDAsImRlbGV0ZSI6OTAwMDAwMDAwMDAwfSwic2NoZW1hX3ZlcnNpb24iOiIxIn0=",
          "dependencies": [
            "module.vmw-vpc.aws_vpc.this"
          ],
          "create_before_destroy": true
        }
      ]
    },
    {
      "module": "module.eks",
      "mode": "managed",
      "type": "aws_security_group",
      "name": "workers",
      "provider": "provider[\"registry.terraform.io/hashicorp/aws\"]",
      "instances": [
        {
          "index_key": 0,
          "schema_version": 1,
          "attributes": {
            "arn": "arn:aws:ec2:us-east-1:981894193627:security-group/sg-0fdd100c7d8fb89b9",
            "description": "Security group for all nodes in the cluster.",
            "egress": [],
            "id": "sg-0fdd100c7d8fb89b9",
            "ingress": [],
            "name": "vmw-eks-cluster20211004045929320000000007",
            "name_prefix": "vmw-eks-cluster",
            "owner_id": "981894193627",
            "revoke_rules_on_delete": false,
            "tags": {
              "Name": "vmw-eks-cluster-eks_worker_sg",
              "application": "vmw",
              "environment": "dev",
              "kubernetes.io/cluster/vmw-eks-cluster": "owned"
            },
            "tags_all": {
              "Name": "vmw-eks-cluster-eks_worker_sg",
              "application": "vmw",
              "environment": "dev",
              "kubernetes.io/cluster/vmw-eks-cluster": "owned"
            },
            "timeouts": null,
            "vpc_id": "vpc-0089e2e8ca698668b"
          },
          "sensitive_attributes": [],
          "private": "eyJlMmJmYjczMC1lY2FhLTExZTYtOGY4OC0zNDM2M2JjN2M0YzAiOnsiY3JlYXRlIjo2MDAwMDAwMDAwMDAsImRlbGV0ZSI6OTAwMDAwMDAwMDAwfSwic2NoZW1hX3ZlcnNpb24iOiIxIn0=",
          "dependencies": [
            "module.vmw-vpc.aws_vpc.this"
          ],
          "create_before_destroy": true
        }
      ]
    },
    {
      "module": "module.eks",
      "mode": "managed",
      "type": "aws_security_group_rule",
      "name": "cluster_egress_internet",
      "provider": "provider[\"registry.terraform.io/hashicorp/aws\"]",
      "instances": [
        {
          "index_key": 0,
          "schema_version": 2,
          "attributes": {
            "cidr_blocks": [
              "0.0.0.0/0"
            ],
            "description": "Allow cluster egress access to the Internet.",
            "from_port": 0,
            "id": "sgrule-2086218898",
            "ipv6_cidr_blocks": null,
            "prefix_list_ids": null,
            "protocol": "-1",
            "security_group_id": "sg-0731a8f59f382ceae",
            "self": false,
            "source_security_group_id": null,
            "to_port": 0,
            "type": "egress"
          },
          "sensitive_attributes": [],
          "private": "eyJzY2hlbWFfdmVyc2lvbiI6IjIifQ==",
          "dependencies": [
            "module.eks.aws_security_group.cluster",
            "module.vmw-vpc.aws_vpc.this"
          ],
          "create_before_destroy": true
        }
      ]
    },
    {
      "module": "module.eks",
      "mode": "managed",
      "type": "aws_security_group_rule",
      "name": "cluster_https_worker_ingress",
      "provider": "provider[\"registry.terraform.io/hashicorp/aws\"]",
      "instances": [
        {
          "index_key": 0,
          "schema_version": 2,
          "attributes": {
            "cidr_blocks": null,
            "description": "Allow pods to communicate with the EKS cluster API.",
            "from_port": 443,
            "id": "sgrule-2089895235",
            "ipv6_cidr_blocks": null,
            "prefix_list_ids": null,
            "protocol": "tcp",
            "security_group_id": "sg-0731a8f59f382ceae",
            "self": false,
            "source_security_group_id": "sg-0fdd100c7d8fb89b9",
            "to_port": 443,
            "type": "ingress"
          },
          "sensitive_attributes": [],
          "private": "eyJzY2hlbWFfdmVyc2lvbiI6IjIifQ==",
          "dependencies": [
            "module.eks.aws_security_group.cluster",
            "module.eks.aws_security_group.workers",
            "module.vmw-vpc.aws_vpc.this"
          ],
          "create_before_destroy": true
        }
      ]
    },
    {
      "module": "module.eks",
      "mode": "managed",
      "type": "aws_security_group_rule",
      "name": "workers_egress_internet",
      "provider": "provider[\"registry.terraform.io/hashicorp/aws\"]",
      "instances": [
        {
          "index_key": 0,
          "schema_version": 2,
          "attributes": {
            "cidr_blocks": [
              "0.0.0.0/0"
            ],
            "description": "Allow nodes all egress to the Internet.",
            "from_port": 0,
            "id": "sgrule-3938180863",
            "ipv6_cidr_blocks": null,
            "prefix_list_ids": null,
            "protocol": "-1",
            "security_group_id": "sg-0fdd100c7d8fb89b9",
            "self": false,
            "source_security_group_id": null,
            "to_port": 0,
            "type": "egress"
          },
          "sensitive_attributes": [],
          "private": "eyJzY2hlbWFfdmVyc2lvbiI6IjIifQ==",
          "dependencies": [
            "module.eks.aws_security_group.workers",
            "module.vmw-vpc.aws_vpc.this"
          ],
          "create_before_destroy": true
        }
      ]
    },
    {
      "module": "module.eks",
      "mode": "managed",
      "type": "aws_security_group_rule",
      "name": "workers_ingress_cluster",
      "provider": "provider[\"registry.terraform.io/hashicorp/aws\"]",
      "instances": [
        {
          "index_key": 0,
          "schema_version": 2,
          "attributes": {
            "cidr_blocks": null,
            "description": "Allow workers pods to receive communication from the cluster control plane.",
            "from_port": 1025,
            "id": "sgrule-772372304",
            "ipv6_cidr_blocks": null,
            "prefix_list_ids": null,
            "protocol": "tcp",
            "security_group_id": "sg-0fdd100c7d8fb89b9",
            "self": false,
            "source_security_group_id": "sg-0731a8f59f382ceae",
            "to_port": 65535,
            "type": "ingress"
          },
          "sensitive_attributes": [],
          "private": "eyJzY2hlbWFfdmVyc2lvbiI6IjIifQ==",
          "dependencies": [
            "module.eks.aws_security_group.cluster",
            "module.eks.aws_security_group.workers",
            "module.vmw-vpc.aws_vpc.this"
          ],
          "create_before_destroy": true
        }
      ]
    },
    {
      "module": "module.eks",
      "mode": "managed",
      "type": "aws_security_group_rule",
      "name": "workers_ingress_cluster_https",
      "provider": "provider[\"registry.terraform.io/hashicorp/aws\"]",
      "instances": [
        {
          "index_key": 0,
          "schema_version": 2,
          "attributes": {
            "cidr_blocks": null,
            "description": "Allow pods running extension API servers on port 443 to receive communication from cluster control plane.",
            "from_port": 443,
            "id": "sgrule-2541928548",
            "ipv6_cidr_blocks": null,
            "prefix_list_ids": null,
            "protocol": "tcp",
            "security_group_id": "sg-0fdd100c7d8fb89b9",
            "self": false,
            "source_security_group_id": "sg-0731a8f59f382ceae",
            "to_port": 443,
            "type": "ingress"
          },
          "sensitive_attributes": [],
          "private": "eyJzY2hlbWFfdmVyc2lvbiI6IjIifQ==",
          "dependencies": [
            "module.eks.aws_security_group.cluster",
            "module.eks.aws_security_group.workers",
            "module.vmw-vpc.aws_vpc.this"
          ],
          "create_before_destroy": true
        }
      ]
    },
    {
      "module": "module.eks",
      "mode": "managed",
      "type": "aws_security_group_rule",
      "name": "workers_ingress_self",
      "provider": "provider[\"registry.terraform.io/hashicorp/aws\"]",
      "instances": [
        {
          "index_key": 0,
          "schema_version": 2,
          "attributes": {
            "cidr_blocks": null,
            "description": "Allow node to communicate with each other.",
            "from_port": 0,
            "id": "sgrule-2652501215",
            "ipv6_cidr_blocks": null,
            "prefix_list_ids": null,
            "protocol": "-1",
            "security_group_id": "sg-0fdd100c7d8fb89b9",
            "self": false,
            "source_security_group_id": "sg-0fdd100c7d8fb89b9",
            "to_port": 65535,
            "type": "ingress"
          },
          "sensitive_attributes": [],
          "private": "eyJzY2hlbWFfdmVyc2lvbiI6IjIifQ==",
          "dependencies": [
            "module.eks.aws_security_group.workers",
            "module.vmw-vpc.aws_vpc.this"
          ],
          "create_before_destroy": true
        }
      ]
    },
    {
      "module": "module.eks",
      "mode": "managed",
      "type": "kubernetes_config_map",
      "name": "aws_auth",
      "provider": "provider[\"registry.terraform.io/hashicorp/kubernetes\"]",
      "instances": [
        {
          "index_key": 0,
          "schema_version": 0,
          "attributes": {
            "binary_data": null,
            "data": {
              "mapAccounts": "[]\n",
              "mapRoles": "- \"groups\":\n  - \"system:bootstrappers\"\n  - \"system:nodes\"\n  \"rolearn\": \"arn:aws:iam::981894193627:role/vmw-eks-cluster20211004051153590700000009\"\n  \"username\": \"system:node:{{EC2PrivateDNSName}}\"\n",
              "mapUsers": "[]\n"
            },
            "id": "kube-system/aws-auth",
            "metadata": [
              {
                "annotations": null,
                "generate_name": "",
                "generation": 0,
                "labels": {
                  "app.kubernetes.io/managed-by": "Terraform",
                  "terraform.io/module": "terraform-aws-modules.eks.aws"
                },
                "name": "aws-auth",
                "namespace": "kube-system",
                "resource_version": "726",
                "uid": "f80f8196-295c-49d9-9def-bee46da121a3"
              }
            ]
          },
          "sensitive_attributes": [],
          "private": "bnVsbA==",
          "dependencies": [
            "data.aws_availability_zones.azs",
            "data.aws_eks_cluster.vmw-cluster",
            "data.aws_eks_cluster_auth.vmw-cluster",
            "module.eks.aws_cloudwatch_log_group.this",
            "module.eks.aws_eks_cluster.this",
            "module.eks.aws_iam_instance_profile.workers",
            "module.eks.aws_iam_instance_profile.workers_launch_template",
            "module.eks.aws_iam_role.cluster",
            "module.eks.aws_iam_role.workers",
            "module.eks.aws_iam_role_policy_attachment.cluster_AmazonEKSClusterPolicy",
            "module.eks.aws_iam_role_policy_attachment.cluster_AmazonEKSServicePolicy",
            "module.eks.aws_iam_role_policy_attachment.cluster_AmazonEKSVPCResourceControllerPolicy",
            "module.eks.aws_security_group.cluster",
            "module.eks.aws_security_group.workers",
            "module.eks.aws_security_group_rule.cluster_egress_internet",
            "module.eks.aws_security_group_rule.cluster_https_worker_ingress",
            "module.eks.aws_security_group_rule.cluster_private_access_cidrs_source",
            "module.eks.aws_security_group_rule.cluster_private_access_sg_source",
            "module.eks.data.aws_ami.eks_worker",
            "module.eks.data.aws_ami.eks_worker_windows",
            "module.eks.data.aws_caller_identity.current",
            "module.eks.data.aws_iam_instance_profile.custom_worker_group_iam_instance_profile",
            "module.eks.data.aws_iam_instance_profile.custom_worker_group_launch_template_iam_instance_profile",
            "module.eks.data.aws_iam_policy_document.cluster_assume_role_policy",
            "module.eks.data.aws_iam_policy_document.workers_assume_role_policy",
            "module.eks.data.aws_iam_role.custom_cluster_iam_role",
            "module.eks.data.aws_partition.current",
            "module.eks.data.http.wait_for_cluster",
            "module.eks.module.fargate.aws_iam_role.eks_fargate_pod",
            "module.eks.module.fargate.data.aws_iam_role.custom_fargate_iam_role",
            "module.vmw-vpc.aws_subnet.private",
            "module.vmw-vpc.aws_vpc.this",
            "module.vmw-vpc.aws_vpc_ipv4_cidr_block_association.this"
          ]
        }
      ]
    },
    {
      "module": "module.eks",
      "mode": "managed",
      "type": "local_file",
      "name": "kubeconfig",
      "provider": "provider[\"registry.terraform.io/hashicorp/local\"]",
      "instances": [
        {
          "index_key": 0,
          "schema_version": 0,
          "attributes": {
            "content": "apiVersion: v1\npreferences: {}\nkind: Config\n\nclusters:\n- cluster:\n    server: https://167AB4C5ED90FA854BDA4F11D7B2CAB4.gr7.us-east-1.eks.amazonaws.com\n    certificate-authority-data: LS0tLS1CRUdJTiBDRVJUSUZJQ0FURS0tLS0tCk1JSUM1ekNDQWMrZ0F3SUJBZ0lCQURBTkJna3Foa2lHOXcwQkFRc0ZBREFWTVJNd0VRWURWUVFERXdwcmRXSmwKY201bGRHVnpNQjRYRFRJeE1UQXdOREExTURZek9Gb1hEVE14TVRBd01qQTFNRFl6T0Zvd0ZURVRNQkVHQTFVRQpBeE1LYTNWaVpYSnVaWFJsY3pDQ0FTSXdEUVlKS29aSWh2Y05BUUVCQlFBRGdnRVBBRENDQVFvQ2dnRUJBS2JFCms1a3B0VkRMK04zRUxJRzJ0Rjd4OGFzWVlnVDNTNkhHbTUvVVRXYVM2ekdjUzJuRDdzOFZYR2d5d3ZRcCtweTEKVldqK3h3YzZLN0ZZczlVcFpTMXBnOFJTUmppaUN1RWFGLzlRSkdDcFB5a0RQTE05cWdFeDZob2sxNXdnUVJSZwpzaXNuYVhlTUZ0S0VSY0ZtQ3JqRGhQWWhtdXNRZTFHS1l0VUF5dmdTUmNvOEVWQS96NjdHdVBIQkpIcmNaMXI3Cmp5ZjB3K0NVSEFmWE9mOHF6ZUhaa081c1BaWm1NMW5TSjJPQkdIS3Bjd0tQdmRjbi9zdWJRQ2tYaGxVVjB0eDUKeVp5c3dpdVJaTkRCemhOSUhWY2pOS3hqMk9jQzVoc1ZseEdOeWtRT20yWnpOUU5WcEhBdVlzc0UzK2hKTlFDbwpodk9MT2xNQVJNUG9vSjZleE9VQ0F3RUFBYU5DTUVBd0RnWURWUjBQQVFIL0JBUURBZ0trTUE4R0ExVWRFd0VCCi93UUZNQU1CQWY4d0hRWURWUjBPQkJZRUZKcTFpNWVqcE5SbXZhRzdGVHYxdkoveXRQQmRNQTBHQ1NxR1NJYjMKRFFFQkN3VUFBNElCQVFCd2VGT1JWM2ZkeDFSTks5R2NNN2U2R0t5WTlTTm5hMXpjaVkyOHd4Q0o4TVRPTjVuSwppaHRIbnhscUI3TmdmMU0vNmF1c3g2clIwUEdvVkV6RTQxb1VhZDQ3c3RuV1VhWkZhL2Yza0FLbHV5aTVqb3NECmhEZnJXUjBWS1Y0WWF1UUY5dEt5blFvSHZmOGVpLy9EQ0Y2ZURtbGozelZaZ1JtVmExMDBMNFpXdjlqbjFzdzEKNHVsOGZ4cml4bVNHQitFMkl2KzFIR1NkdnVMM3kvQSsxcU9qSCtKeEJ1RURaYWkyb0ExYmIvb1NaalFaelBwMApQMUJxbW5MVWJLSlBMazhrVWtJSDBrVi95Z0dlTGNsMGN3a05hM2JQNDNEdUJsZkFSem5PMXBtVlRKVnE4d3gyClE0WXdiTWk3UzdXT0ViWVRLRWU0NEI2enE0c0E3NTExWXpUUQotLS0tLUVORCBDRVJUSUZJQ0FURS0tLS0tCg==\n  name: eks_vmw-eks-cluster\n\ncontexts:\n- context:\n    cluster: eks_vmw-eks-cluster\n    user: eks_vmw-eks-cluster\n  name: eks_vmw-eks-cluster\n\ncurrent-context: eks_vmw-eks-cluster\n\nusers:\n- name: eks_vmw-eks-cluster\n  user:\n    exec:\n      apiVersion: client.authentication.k8s.io/v1alpha1\n      command: aws-iam-authenticator\n      args:\n        - \"token\"\n        - \"-i\"\n        - \"vmw-eks-cluster\"\n",
            "content_base64": null,
            "directory_permission": "0755",
            "file_permission": "0600",
            "filename": "./kubeconfig_vmw-eks-cluster",
            "id": "2aaf9e01fb7a619b05fd50837fdf672a1c4a216f",
            "sensitive_content": null,
            "source": null
          },
          "sensitive_attributes": [],
          "private": "bnVsbA==",
          "dependencies": [
            "data.aws_availability_zones.azs",
            "module.eks.aws_cloudwatch_log_group.this",
            "module.eks.aws_eks_cluster.this",
            "module.eks.aws_iam_role.cluster",
            "module.eks.aws_iam_role_policy_attachment.cluster_AmazonEKSClusterPolicy",
            "module.eks.aws_iam_role_policy_attachment.cluster_AmazonEKSServicePolicy",
            "module.eks.aws_iam_role_policy_attachment.cluster_AmazonEKSVPCResourceControllerPolicy",
            "module.eks.aws_security_group.cluster",
            "module.eks.aws_security_group.workers",
            "module.eks.aws_security_group_rule.cluster_egress_internet",
            "module.eks.aws_security_group_rule.cluster_https_worker_ingress",
            "module.eks.data.aws_iam_policy_document.cluster_assume_role_policy",
            "module.eks.data.aws_iam_role.custom_cluster_iam_role",
            "module.eks.data.aws_partition.current",
            "module.vmw-vpc.aws_subnet.private",
            "module.vmw-vpc.aws_vpc.this",
            "module.vmw-vpc.aws_vpc_ipv4_cidr_block_association.this"
          ]
        }
      ]
    },
    {
      "module": "module.eks.module.fargate",
      "mode": "data",
      "type": "aws_partition",
      "name": "current",
      "provider": "provider[\"registry.terraform.io/hashicorp/aws\"]",
      "instances": [
        {
          "schema_version": 0,
          "attributes": {
            "dns_suffix": "amazonaws.com",
            "id": "aws",
            "partition": "aws",
            "reverse_dns_prefix": "com.amazonaws"
          },
          "sensitive_attributes": []
        }
      ]
    },
    {
      "module": "module.vmw-vpc",
      "mode": "managed",
      "type": "aws_eip",
      "name": "nat",
      "provider": "provider[\"registry.terraform.io/hashicorp/aws\"]",
      "instances": [
        {
          "index_key": 0,
          "schema_version": 0,
          "attributes": {
            "address": null,
            "allocation_id": null,
            "associate_with_private_ip": null,
            "association_id": "",
            "carrier_ip": "",
            "customer_owned_ip": "",
            "customer_owned_ipv4_pool": "",
            "domain": "vpc",
            "id": "eipalloc-0fc9f7b74100a79f3",
            "instance": "",
            "network_border_group": "us-east-1",
            "network_interface": "",
            "private_dns": null,
            "private_ip": "",
            "public_dns": "ec2-3-225-93-174.compute-1.amazonaws.com",
            "public_ip": "3.225.93.174",
            "public_ipv4_pool": "amazon",
            "tags": {
              "Name": "vmw-vpc-us-east-1a",
              "kubernetes.io/cluster/vmw-eks-cluster": "shared"
            },
            "tags_all": {
              "Name": "vmw-vpc-us-east-1a",
              "kubernetes.io/cluster/vmw-eks-cluster": "shared"
            },
            "timeouts": null,
            "vpc": true
          },
          "sensitive_attributes": [],
          "private": "eyJlMmJmYjczMC1lY2FhLTExZTYtOGY4OC0zNDM2M2JjN2M0YzAiOnsiZGVsZXRlIjoxODAwMDAwMDAwMDAsInJlYWQiOjkwMDAwMDAwMDAwMCwidXBkYXRlIjozMDAwMDAwMDAwMDB9fQ==",
          "dependencies": [
            "data.aws_availability_zones.azs"
          ]
        }
      ]
    },
    {
      "module": "module.vmw-vpc",
      "mode": "managed",
      "type": "aws_internet_gateway",
      "name": "this",
      "provider": "provider[\"registry.terraform.io/hashicorp/aws\"]",
      "instances": [
        {
          "index_key": 0,
          "schema_version": 0,
          "attributes": {
            "arn": "arn:aws:ec2:us-east-1:981894193627:internet-gateway/igw-08c64426d8be5fd59",
            "id": "igw-08c64426d8be5fd59",
            "owner_id": "981894193627",
            "tags": {
              "Name": "vmw-vpc",
              "kubernetes.io/cluster/vmw-eks-cluster": "shared"
            },
            "tags_all": {
              "Name": "vmw-vpc",
              "kubernetes.io/cluster/vmw-eks-cluster": "shared"
            },
            "vpc_id": "vpc-0089e2e8ca698668b"
          },
          "sensitive_attributes": [],
          "private": "bnVsbA==",
          "dependencies": [
            "module.vmw-vpc.aws_vpc.this",
            "module.vmw-vpc.aws_vpc_ipv4_cidr_block_association.this"
          ]
        }
      ]
    },
    {
      "module": "module.vmw-vpc",
      "mode": "managed",
      "type": "aws_nat_gateway",
      "name": "this",
      "provider": "provider[\"registry.terraform.io/hashicorp/aws\"]",
      "instances": [
        {
          "index_key": 0,
          "schema_version": 0,
          "attributes": {
            "allocation_id": "eipalloc-0fc9f7b74100a79f3",
            "connectivity_type": "public",
            "id": "nat-0af2f115ec4672b0b",
            "network_interface_id": "eni-0c32b5342567633c3",
            "private_ip": "10.0.4.245",
            "public_ip": "3.225.93.174",
            "subnet_id": "subnet-0161c8e81ff95ff41",
            "tags": {
              "Name": "vmw-vpc-us-east-1a",
              "kubernetes.io/cluster/vmw-eks-cluster": "shared"
            },
            "tags_all": {
              "Name": "vmw-vpc-us-east-1a",
              "kubernetes.io/cluster/vmw-eks-cluster": "shared"
            }
          },
          "sensitive_attributes": [],
          "private": "bnVsbA==",
          "dependencies": [
            "data.aws_availability_zones.azs",
            "module.vmw-vpc.aws_eip.nat",
            "module.vmw-vpc.aws_internet_gateway.this",
            "module.vmw-vpc.aws_subnet.public",
            "module.vmw-vpc.aws_vpc.this",
            "module.vmw-vpc.aws_vpc_ipv4_cidr_block_association.this"
          ]
        }
      ]
    },
    {
      "module": "module.vmw-vpc",
      "mode": "managed",
      "type": "aws_route",
      "name": "public_internet_gateway",
      "provider": "provider[\"registry.terraform.io/hashicorp/aws\"]",
      "instances": [
        {
          "index_key": 0,
          "schema_version": 0,
          "attributes": {
            "carrier_gateway_id": "",
            "destination_cidr_block": "0.0.0.0/0",
            "destination_ipv6_cidr_block": "",
            "destination_prefix_list_id": "",
            "egress_only_gateway_id": "",
            "gateway_id": "igw-08c64426d8be5fd59",
            "id": "r-rtb-064ece96ad89e53011080289494",
            "instance_id": "",
            "instance_owner_id": "",
            "local_gateway_id": "",
            "nat_gateway_id": "",
            "network_interface_id": "",
            "origin": "CreateRoute",
            "route_table_id": "rtb-064ece96ad89e5301",
            "state": "active",
            "timeouts": {
              "create": "5m",
              "delete": null
            },
            "transit_gateway_id": "",
            "vpc_endpoint_id": "",
            "vpc_peering_connection_id": ""
          },
          "sensitive_attributes": [],
          "private": "eyJlMmJmYjczMC1lY2FhLTExZTYtOGY4OC0zNDM2M2JjN2M0YzAiOnsiY3JlYXRlIjozMDAwMDAwMDAwMDAsImRlbGV0ZSI6MzAwMDAwMDAwMDAwfX0=",
          "dependencies": [
            "module.vmw-vpc.aws_internet_gateway.this",
            "module.vmw-vpc.aws_route_table.public",
            "module.vmw-vpc.aws_vpc.this",
            "module.vmw-vpc.aws_vpc_ipv4_cidr_block_association.this"
          ]
        }
      ]
    },
    {
      "module": "module.vmw-vpc",
      "mode": "managed",
      "type": "aws_route_table",
      "name": "private",
      "provider": "provider[\"registry.terraform.io/hashicorp/aws\"]",
      "instances": [
        {
          "index_key": 0,
          "schema_version": 0,
          "attributes": {
            "arn": "arn:aws:ec2:us-east-1:981894193627:route-table/rtb-092fa25df5dd20f40",
            "id": "rtb-092fa25df5dd20f40",
            "owner_id": "981894193627",
            "propagating_vgws": [],
            "route": [],
            "tags": {
              "Name": "vmw-vpc-private",
              "kubernetes.io/cluster/vmw-eks-cluster": "shared"
            },
            "tags_all": {
              "Name": "vmw-vpc-private",
              "kubernetes.io/cluster/vmw-eks-cluster": "shared"
            },
            "vpc_id": "vpc-0089e2e8ca698668b"
          },
          "sensitive_attributes": [],
          "private": "bnVsbA==",
          "dependencies": [
            "data.aws_availability_zones.azs",
            "module.vmw-vpc.aws_vpc.this",
            "module.vmw-vpc.aws_vpc_ipv4_cidr_block_association.this"
          ]
        }
      ]
    },
    {
      "module": "module.vmw-vpc",
      "mode": "managed",
      "type": "aws_route_table",
      "name": "public",
      "provider": "provider[\"registry.terraform.io/hashicorp/aws\"]",
      "instances": [
        {
          "index_key": 0,
          "schema_version": 0,
          "attributes": {
            "arn": "arn:aws:ec2:us-east-1:981894193627:route-table/rtb-064ece96ad89e5301",
            "id": "rtb-064ece96ad89e5301",
            "owner_id": "981894193627",
            "propagating_vgws": [],
            "route": [],
            "tags": {
              "Name": "vmw-vpc-public",
              "kubernetes.io/cluster/vmw-eks-cluster": "shared"
            },
            "tags_all": {
              "Name": "vmw-vpc-public",
              "kubernetes.io/cluster/vmw-eks-cluster": "shared"
            },
            "vpc_id": "vpc-0089e2e8ca698668b"
          },
          "sensitive_attributes": [],
          "private": "bnVsbA==",
          "dependencies": [
            "module.vmw-vpc.aws_vpc.this",
            "module.vmw-vpc.aws_vpc_ipv4_cidr_block_association.this"
          ]
        }
      ]
    },
    {
      "module": "module.vmw-vpc",
      "mode": "managed",
      "type": "aws_route_table_association",
      "name": "private",
      "provider": "provider[\"registry.terraform.io/hashicorp/aws\"]",
      "instances": [
        {
          "index_key": 0,
          "schema_version": 0,
          "attributes": {
            "gateway_id": "",
            "id": "rtbassoc-056793103069873ea",
            "route_table_id": "rtb-092fa25df5dd20f40",
            "subnet_id": "subnet-07952e37989188d3b"
          },
          "sensitive_attributes": [],
          "private": "bnVsbA==",
          "dependencies": [
            "data.aws_availability_zones.azs",
            "module.vmw-vpc.aws_route_table.private",
            "module.vmw-vpc.aws_subnet.private",
            "module.vmw-vpc.aws_vpc.this",
            "module.vmw-vpc.aws_vpc_ipv4_cidr_block_association.this"
          ]
        },
        {
          "index_key": 1,
          "schema_version": 0,
          "attributes": {
            "gateway_id": "",
            "id": "rtbassoc-0e0ec2e8d5598c47c",
            "route_table_id": "rtb-092fa25df5dd20f40",
            "subnet_id": "subnet-05bdae49ef3b29da0"
          },
          "sensitive_attributes": [],
          "private": "bnVsbA==",
          "dependencies": [
            "data.aws_availability_zones.azs",
            "module.vmw-vpc.aws_route_table.private",
            "module.vmw-vpc.aws_subnet.private",
            "module.vmw-vpc.aws_vpc.this",
            "module.vmw-vpc.aws_vpc_ipv4_cidr_block_association.this"
          ]
        },
        {
          "index_key": 2,
          "schema_version": 0,
          "attributes": {
            "gateway_id": "",
            "id": "rtbassoc-0b917a2fd1d1970bd",
            "route_table_id": "rtb-092fa25df5dd20f40",
            "subnet_id": "subnet-0e3a295a72b0f5fce"
          },
          "sensitive_attributes": [],
          "private": "bnVsbA==",
          "dependencies": [
            "data.aws_availability_zones.azs",
            "module.vmw-vpc.aws_route_table.private",
            "module.vmw-vpc.aws_subnet.private",
            "module.vmw-vpc.aws_vpc.this",
            "module.vmw-vpc.aws_vpc_ipv4_cidr_block_association.this"
          ]
        }
      ]
    },
    {
      "module": "module.vmw-vpc",
      "mode": "managed",
      "type": "aws_route_table_association",
      "name": "public",
      "provider": "provider[\"registry.terraform.io/hashicorp/aws\"]",
      "instances": [
        {
          "index_key": 0,
          "schema_version": 0,
          "attributes": {
            "gateway_id": "",
            "id": "rtbassoc-0d3d8b6482cc15271",
            "route_table_id": "rtb-064ece96ad89e5301",
            "subnet_id": "subnet-0161c8e81ff95ff41"
          },
          "sensitive_attributes": [],
          "private": "bnVsbA==",
          "dependencies": [
            "data.aws_availability_zones.azs",
            "module.vmw-vpc.aws_route_table.public",
            "module.vmw-vpc.aws_subnet.public",
            "module.vmw-vpc.aws_vpc.this",
            "module.vmw-vpc.aws_vpc_ipv4_cidr_block_association.this"
          ]
        },
        {
          "index_key": 1,
          "schema_version": 0,
          "attributes": {
            "gateway_id": "",
            "id": "rtbassoc-0bbfb6dd6fff25131",
            "route_table_id": "rtb-064ece96ad89e5301",
            "subnet_id": "subnet-078c1dbf15b013f86"
          },
          "sensitive_attributes": [],
          "private": "bnVsbA==",
          "dependencies": [
            "data.aws_availability_zones.azs",
            "module.vmw-vpc.aws_route_table.public",
            "module.vmw-vpc.aws_subnet.public",
            "module.vmw-vpc.aws_vpc.this",
            "module.vmw-vpc.aws_vpc_ipv4_cidr_block_association.this"
          ]
        },
        {
          "index_key": 2,
          "schema_version": 0,
          "attributes": {
            "gateway_id": "",
            "id": "rtbassoc-0089faf9df6182e79",
            "route_table_id": "rtb-064ece96ad89e5301",
            "subnet_id": "subnet-0e870e678e98edba8"
          },
          "sensitive_attributes": [],
          "private": "bnVsbA==",
          "dependencies": [
            "data.aws_availability_zones.azs",
            "module.vmw-vpc.aws_route_table.public",
            "module.vmw-vpc.aws_subnet.public",
            "module.vmw-vpc.aws_vpc.this",
            "module.vmw-vpc.aws_vpc_ipv4_cidr_block_association.this"
          ]
        }
      ]
    },
    {
      "module": "module.vmw-vpc",
      "mode": "managed",
      "type": "aws_subnet",
      "name": "private",
      "provider": "provider[\"registry.terraform.io/hashicorp/aws\"]",
      "instances": [
        {
          "index_key": 0,
          "schema_version": 1,
          "attributes": {
            "arn": "arn:aws:ec2:us-east-1:981894193627:subnet/subnet-07952e37989188d3b",
            "assign_ipv6_address_on_creation": false,
            "availability_zone": "us-east-1a",
            "availability_zone_id": "use1-az6",
            "cidr_block": "10.0.1.0/24",
            "customer_owned_ipv4_pool": "",
            "id": "subnet-07952e37989188d3b",
            "ipv6_cidr_block": "",
            "ipv6_cidr_block_association_id": "",
            "map_customer_owned_ip_on_launch": false,
            "map_public_ip_on_launch": false,
            "outpost_arn": "",
            "owner_id": "981894193627",
            "tags": {
              "Name": "vmw-vpc-private-us-east-1a",
              "kubernetes.io/cluster/vmw-eks-cluster": "shared",
              "kubernetes.io/role/internal-elb": "1"
            },
            "tags_all": {
              "Name": "vmw-vpc-private-us-east-1a",
              "kubernetes.io/cluster/vmw-eks-cluster": "shared",
              "kubernetes.io/role/internal-elb": "1"
            },
            "timeouts": null,
            "vpc_id": "vpc-0089e2e8ca698668b"
          },
          "sensitive_attributes": [],
          "private": "eyJlMmJmYjczMC1lY2FhLTExZTYtOGY4OC0zNDM2M2JjN2M0YzAiOnsiY3JlYXRlIjo2MDAwMDAwMDAwMDAsImRlbGV0ZSI6MTIwMDAwMDAwMDAwMH0sInNjaGVtYV92ZXJzaW9uIjoiMSJ9",
          "dependencies": [
            "data.aws_availability_zones.azs",
            "module.vmw-vpc.aws_vpc.this",
            "module.vmw-vpc.aws_vpc_ipv4_cidr_block_association.this"
          ],
          "create_before_destroy": true
        },
        {
          "index_key": 1,
          "schema_version": 1,
          "attributes": {
            "arn": "arn:aws:ec2:us-east-1:981894193627:subnet/subnet-05bdae49ef3b29da0",
            "assign_ipv6_address_on_creation": false,
            "availability_zone": "us-east-1b",
            "availability_zone_id": "use1-az1",
            "cidr_block": "10.0.2.0/24",
            "customer_owned_ipv4_pool": "",
            "id": "subnet-05bdae49ef3b29da0",
            "ipv6_cidr_block": "",
            "ipv6_cidr_block_association_id": "",
            "map_customer_owned_ip_on_launch": false,
            "map_public_ip_on_launch": false,
            "outpost_arn": "",
            "owner_id": "981894193627",
            "tags": {
              "Name": "vmw-vpc-private-us-east-1b",
              "kubernetes.io/cluster/vmw-eks-cluster": "shared",
              "kubernetes.io/role/internal-elb": "1"
            },
            "tags_all": {
              "Name": "vmw-vpc-private-us-east-1b",
              "kubernetes.io/cluster/vmw-eks-cluster": "shared",
              "kubernetes.io/role/internal-elb": "1"
            },
            "timeouts": null,
            "vpc_id": "vpc-0089e2e8ca698668b"
          },
          "sensitive_attributes": [],
          "private": "eyJlMmJmYjczMC1lY2FhLTExZTYtOGY4OC0zNDM2M2JjN2M0YzAiOnsiY3JlYXRlIjo2MDAwMDAwMDAwMDAsImRlbGV0ZSI6MTIwMDAwMDAwMDAwMH0sInNjaGVtYV92ZXJzaW9uIjoiMSJ9",
          "dependencies": [
            "data.aws_availability_zones.azs",
            "module.vmw-vpc.aws_vpc.this",
            "module.vmw-vpc.aws_vpc_ipv4_cidr_block_association.this"
          ],
          "create_before_destroy": true
        },
        {
          "index_key": 2,
          "schema_version": 1,
          "attributes": {
            "arn": "arn:aws:ec2:us-east-1:981894193627:subnet/subnet-0e3a295a72b0f5fce",
            "assign_ipv6_address_on_creation": false,
            "availability_zone": "us-east-1c",
            "availability_zone_id": "use1-az2",
            "cidr_block": "10.0.3.0/24",
            "customer_owned_ipv4_pool": "",
            "id": "subnet-0e3a295a72b0f5fce",
            "ipv6_cidr_block": "",
            "ipv6_cidr_block_association_id": "",
            "map_customer_owned_ip_on_launch": false,
            "map_public_ip_on_launch": false,
            "outpost_arn": "",
            "owner_id": "981894193627",
            "tags": {
              "Name": "vmw-vpc-private-us-east-1c",
              "kubernetes.io/cluster/vmw-eks-cluster": "shared",
              "kubernetes.io/role/internal-elb": "1"
            },
            "tags_all": {
              "Name": "vmw-vpc-private-us-east-1c",
              "kubernetes.io/cluster/vmw-eks-cluster": "shared",
              "kubernetes.io/role/internal-elb": "1"
            },
            "timeouts": null,
            "vpc_id": "vpc-0089e2e8ca698668b"
          },
          "sensitive_attributes": [],
          "private": "eyJlMmJmYjczMC1lY2FhLTExZTYtOGY4OC0zNDM2M2JjN2M0YzAiOnsiY3JlYXRlIjo2MDAwMDAwMDAwMDAsImRlbGV0ZSI6MTIwMDAwMDAwMDAwMH0sInNjaGVtYV92ZXJzaW9uIjoiMSJ9",
          "dependencies": [
            "data.aws_availability_zones.azs",
            "module.vmw-vpc.aws_vpc.this",
            "module.vmw-vpc.aws_vpc_ipv4_cidr_block_association.this"
          ],
          "create_before_destroy": true
        }
      ]
    },
    {
      "module": "module.vmw-vpc",
      "mode": "managed",
      "type": "aws_subnet",
      "name": "public",
      "provider": "provider[\"registry.terraform.io/hashicorp/aws\"]",
      "instances": [
        {
          "index_key": 0,
          "schema_version": 1,
          "attributes": {
            "arn": "arn:aws:ec2:us-east-1:981894193627:subnet/subnet-0161c8e81ff95ff41",
            "assign_ipv6_address_on_creation": false,
            "availability_zone": "us-east-1a",
            "availability_zone_id": "use1-az6",
            "cidr_block": "10.0.4.0/24",
            "customer_owned_ipv4_pool": "",
            "id": "subnet-0161c8e81ff95ff41",
            "ipv6_cidr_block": "",
            "ipv6_cidr_block_association_id": "",
            "map_customer_owned_ip_on_launch": false,
            "map_public_ip_on_launch": true,
            "outpost_arn": "",
            "owner_id": "981894193627",
            "tags": {
              "Name": "vmw-vpc-public-us-east-1a",
              "kubernetes.io/cluster/vmw-eks-cluster": "shared",
              "kubernetes.io/role/elb": "1"
            },
            "tags_all": {
              "Name": "vmw-vpc-public-us-east-1a",
              "kubernetes.io/cluster/vmw-eks-cluster": "shared",
              "kubernetes.io/role/elb": "1"
            },
            "timeouts": null,
            "vpc_id": "vpc-0089e2e8ca698668b"
          },
          "sensitive_attributes": [],
          "private": "eyJlMmJmYjczMC1lY2FhLTExZTYtOGY4OC0zNDM2M2JjN2M0YzAiOnsiY3JlYXRlIjo2MDAwMDAwMDAwMDAsImRlbGV0ZSI6MTIwMDAwMDAwMDAwMH0sInNjaGVtYV92ZXJzaW9uIjoiMSJ9",
          "dependencies": [
            "data.aws_availability_zones.azs",
            "module.vmw-vpc.aws_vpc.this",
            "module.vmw-vpc.aws_vpc_ipv4_cidr_block_association.this"
          ]
        },
        {
          "index_key": 1,
          "schema_version": 1,
          "attributes": {
            "arn": "arn:aws:ec2:us-east-1:981894193627:subnet/subnet-078c1dbf15b013f86",
            "assign_ipv6_address_on_creation": false,
            "availability_zone": "us-east-1b",
            "availability_zone_id": "use1-az1",
            "cidr_block": "10.0.5.0/24",
            "customer_owned_ipv4_pool": "",
            "id": "subnet-078c1dbf15b013f86",
            "ipv6_cidr_block": "",
            "ipv6_cidr_block_association_id": "",
            "map_customer_owned_ip_on_launch": false,
            "map_public_ip_on_launch": true,
            "outpost_arn": "",
            "owner_id": "981894193627",
            "tags": {
              "Name": "vmw-vpc-public-us-east-1b",
              "kubernetes.io/cluster/vmw-eks-cluster": "shared",
              "kubernetes.io/role/elb": "1"
            },
            "tags_all": {
              "Name": "vmw-vpc-public-us-east-1b",
              "kubernetes.io/cluster/vmw-eks-cluster": "shared",
              "kubernetes.io/role/elb": "1"
            },
            "timeouts": null,
            "vpc_id": "vpc-0089e2e8ca698668b"
          },
          "sensitive_attributes": [],
          "private": "eyJlMmJmYjczMC1lY2FhLTExZTYtOGY4OC0zNDM2M2JjN2M0YzAiOnsiY3JlYXRlIjo2MDAwMDAwMDAwMDAsImRlbGV0ZSI6MTIwMDAwMDAwMDAwMH0sInNjaGVtYV92ZXJzaW9uIjoiMSJ9",
          "dependencies": [
            "data.aws_availability_zones.azs",
            "module.vmw-vpc.aws_vpc.this",
            "module.vmw-vpc.aws_vpc_ipv4_cidr_block_association.this"
          ]
        },
        {
          "index_key": 2,
          "schema_version": 1,
          "attributes": {
            "arn": "arn:aws:ec2:us-east-1:981894193627:subnet/subnet-0e870e678e98edba8",
            "assign_ipv6_address_on_creation": false,
            "availability_zone": "us-east-1c",
            "availability_zone_id": "use1-az2",
            "cidr_block": "10.0.6.0/24",
            "customer_owned_ipv4_pool": "",
            "id": "subnet-0e870e678e98edba8",
            "ipv6_cidr_block": "",
            "ipv6_cidr_block_association_id": "",
            "map_customer_owned_ip_on_launch": false,
            "map_public_ip_on_launch": true,
            "outpost_arn": "",
            "owner_id": "981894193627",
            "tags": {
              "Name": "vmw-vpc-public-us-east-1c",
              "kubernetes.io/cluster/vmw-eks-cluster": "shared",
              "kubernetes.io/role/elb": "1"
            },
            "tags_all": {
              "Name": "vmw-vpc-public-us-east-1c",
              "kubernetes.io/cluster/vmw-eks-cluster": "shared",
              "kubernetes.io/role/elb": "1"
            },
            "timeouts": null,
            "vpc_id": "vpc-0089e2e8ca698668b"
          },
          "sensitive_attributes": [],
          "private": "eyJlMmJmYjczMC1lY2FhLTExZTYtOGY4OC0zNDM2M2JjN2M0YzAiOnsiY3JlYXRlIjo2MDAwMDAwMDAwMDAsImRlbGV0ZSI6MTIwMDAwMDAwMDAwMH0sInNjaGVtYV92ZXJzaW9uIjoiMSJ9",
          "dependencies": [
            "data.aws_availability_zones.azs",
            "module.vmw-vpc.aws_vpc.this",
            "module.vmw-vpc.aws_vpc_ipv4_cidr_block_association.this"
          ]
        }
      ]
    },
    {
      "module": "module.vmw-vpc",
      "mode": "managed",
      "type": "aws_vpc",
      "name": "this",
      "provider": "provider[\"registry.terraform.io/hashicorp/aws\"]",
      "instances": [
        {
          "index_key": 0,
          "schema_version": 1,
          "attributes": {
            "arn": "arn:aws:ec2:us-east-1:981894193627:vpc/vpc-0089e2e8ca698668b",
            "assign_generated_ipv6_cidr_block": false,
            "cidr_block": "10.0.0.0/16",
            "default_network_acl_id": "acl-01bd87939c2da4e07",
            "default_route_table_id": "rtb-09f834e2daa21e700",
            "default_security_group_id": "sg-07439a6239d944d14",
            "dhcp_options_id": "dopt-f525258f",
            "enable_classiclink": false,
            "enable_classiclink_dns_support": false,
            "enable_dns_hostnames": true,
            "enable_dns_support": true,
            "id": "vpc-0089e2e8ca698668b",
            "instance_tenancy": "default",
            "ipv6_association_id": "",
            "ipv6_cidr_block": "",
            "main_route_table_id": "rtb-09f834e2daa21e700",
            "owner_id": "981894193627",
            "tags": {
              "Name": "vmw-vpc",
              "kubernetes.io/cluster/vmw-eks-cluster": "shared"
            },
            "tags_all": {
              "Name": "vmw-vpc",
              "kubernetes.io/cluster/vmw-eks-cluster": "shared"
            }
          },
          "sensitive_attributes": [],
          "private": "eyJzY2hlbWFfdmVyc2lvbiI6IjEifQ==",
          "create_before_destroy": true
        }
      ]
    },
    {
      "module": "module.vmw-vpc",
      "mode": "managed",
      "type": "aws_vpc_ipv4_cidr_block_association",
      "name": "this",
      "provider": "provider[\"registry.terraform.io/hashicorp/aws\"]",
      "instances": []
    }
  ]
}
