{
  "version": 4,
  "terraform_version": "1.0.8",
  "serial": 206,
  "lineage": "92eca2ff-c7cb-4bda-a02b-82a19a320738",
  "outputs": {},
  "resources": [
    {
      "mode": "data",
      "type": "aws_availability_zones",
      "name": "azs",
      "provider": "provider[\"registry.terraform.io/hashicorp/aws\"]",
      "instances": [
        {
          "schema_version": 0,
          "attributes": {
            "all_availability_zones": null,
            "exclude_names": null,
            "exclude_zone_ids": null,
            "filter": null,
            "group_names": [
              "us-east-2"
            ],
            "id": "us-east-2",
            "names": [
              "us-east-2a",
              "us-east-2b",
              "us-east-2c"
            ],
            "state": null,
            "zone_ids": [
              "use2-az1",
              "use2-az2",
              "use2-az3"
            ]
          },
          "sensitive_attributes": []
        }
      ]
    },
    {
      "mode": "data",
      "type": "aws_eks_cluster",
      "name": "vmw-cluster",
      "provider": "provider[\"registry.terraform.io/hashicorp/aws\"]",
      "instances": [
        {
          "schema_version": 0,
          "attributes": {
            "arn": "arn:aws:eks:us-east-2:981894193627:cluster/vmw-eks-cluster",
            "certificate_authority": [
              {
                "data": "LS0tLS1CRUdJTiBDRVJUSUZJQ0FURS0tLS0tCk1JSUM1ekNDQWMrZ0F3SUJBZ0lCQURBTkJna3Foa2lHOXcwQkFRc0ZBREFWTVJNd0VRWURWUVFERXdwcmRXSmwKY201bGRHVnpNQjRYRFRJeE1UQXdOREEyTVRneU4xb1hEVE14TVRBd01qQTJNVGd5TjFvd0ZURVRNQkVHQTFVRQpBeE1LYTNWaVpYSnVaWFJsY3pDQ0FTSXdEUVlKS29aSWh2Y05BUUVCQlFBRGdnRVBBRENDQVFvQ2dnRUJBTUFNClFUSmV5TjhVNEFVL1loQmtSd1Z0cE16TmQvMUY2L3VHRWZzOFh5c0RvRVExVjZZTjBSalFGSDVlYTd1bVd1LzYKZUNKQmZTQ3VmNUNsdWd1VTNJUHZ2UlRDeTlLVFZXd0txSDhXeno4aTNwYjI4UmRhcDU1SitjdlRCdDdhMko4bgprajkvOWY1TjUrK29uZkhXOUt4N0sza0ZvSmZwS25hTlhlUnEwOVk1WENXeXdySmpuK2V6emFMMVBYckVRYkVLCnAvVU1HSzEvcEdXV1ZjUG9Jdkl1amFqOVk4SXI2QjNFQVpTc2c0a1BlNHNKMktwc2pHYno2TzFpZlBHVFNDN0MKY2laMENZOEtFNGEvbmlMSWNpWmpsV1g4T3VIQTFsQ2p6dk92SHR4NlQ1YkJmbUJob05tMVpUbnFnUGx1dTI5TgpLaXZDRi9RK2lydmMremdkbzlrQ0F3RUFBYU5DTUVBd0RnWURWUjBQQVFIL0JBUURBZ0trTUE4R0ExVWRFd0VCCi93UUZNQU1CQWY4d0hRWURWUjBPQkJZRUZMNUY5clZtRWJRUm1QVVdlT2dUMTFqS0VjdnhNQTBHQ1NxR1NJYjMKRFFFQkN3VUFBNElCQVFBZDZ3alkzODMzNUdFeHlVQXpIdXF3NTNWQ2JJMVRZQ29uYk9xejhyTjhMc01rNnlPbAp5cW1La3BqZXNsbmkyVEI4VFp1aHlYTlpZV1hLZHoza1Nhd1BOd3hFcEJ2NFlxWjJhOFVNT2p0WVNPNHpsVW8zCmhDejJJR3VTK1JTRURmWnhwS05HVUJpMy81ZERiNXA5clBVT3RZdmRsT294VHpJdUpBTUpPNHh0cDUxYjg4TlEKRXNScE80Ym9Kb2hDdFRMcnFIZGVpRGhKUjVjb1dRSDNxV0ZOZVJubkN3NmdUU1VLZ0gzWWtJbUlLMy92MWRVbAplSlhyeCtqbjNCZy9SY0dYbm5ud3pzYldEekF6Kzd5UWZobDg0RklZTmZybE0yT3FVTlBkMVJaTjhXUlJTMlYzCjRUWkQrTGZia1loTVZVSzdVZ09yNWpkMzVQRXpZbHJvSXZ1VwotLS0tLUVORCBDRVJUSUZJQ0FURS0tLS0tCg=="
              }
            ],
            "created_at": "2021-10-04 06:11:46.419 +0000 UTC",
            "enabled_cluster_log_types": [],
            "endpoint": "https://270B7689533AFA15CA6E45E804C3BB09.gr7.us-east-2.eks.amazonaws.com",
            "id": "vmw-eks-cluster",
            "identity": [
              {
                "oidc": [
                  {
                    "issuer": "https://oidc.eks.us-east-2.amazonaws.com/id/270B7689533AFA15CA6E45E804C3BB09"
                  }
                ]
              }
            ],
            "kubernetes_network_config": [
              {
                "service_ipv4_cidr": "172.20.0.0/16"
              }
            ],
            "name": "vmw-eks-cluster",
            "platform_version": "eks.2",
            "role_arn": "arn:aws:iam::981894193627:role/vmw-eks-cluster20211004045916711100000001",
            "status": "ACTIVE",
            "tags": {
              "application": "vmw",
              "environment": "dev"
            },
            "version": "1.20",
            "vpc_config": [
              {
                "cluster_security_group_id": "sg-032feb2f561489fec",
                "endpoint_private_access": false,
                "endpoint_public_access": true,
                "public_access_cidrs": [
                  "0.0.0.0/0"
                ],
                "security_group_ids": [
                  "sg-00c1ad2a5a5538cec"
                ],
                "subnet_ids": [
                  "subnet-09df361ea557c78d8",
                  "subnet-0b83cccf36231cb9f",
                  "subnet-0e32588e2396ce5f8"
                ],
                "vpc_id": "vpc-02c1e274d1a9cc631"
              }
            ]
          },
          "sensitive_attributes": []
        }
      ]
    },
    {
      "mode": "data",
      "type": "aws_eks_cluster_auth",
      "name": "vmw-cluster",
      "provider": "provider[\"registry.terraform.io/hashicorp/aws\"]",
      "instances": [
        {
          "schema_version": 0,
          "attributes": {
            "id": "vmw-eks-cluster",
            "name": "vmw-eks-cluster",
            "token": "k8s-aws-v1.aHR0cHM6Ly9zdHMuYW1hem9uYXdzLmNvbS8_QWN0aW9uPUdldENhbGxlcklkZW50aXR5JlZlcnNpb249MjAxMS0wNi0xNSZYLUFtei1BbGdvcml0aG09QVdTNC1ITUFDLVNIQTI1NiZYLUFtei1DcmVkZW50aWFsPUFLSUE2SkhMVU1ITjRMT1Q3SE9JJTJGMjAyMTEwMDQlMkZ1cy1lYXN0LTElMkZzdHMlMkZhd3M0X3JlcXVlc3QmWC1BbXotRGF0ZT0yMDIxMTAwNFQwNjQzMjJaJlgtQW16LUV4cGlyZXM9MCZYLUFtei1TaWduZWRIZWFkZXJzPWhvc3QlM0J4LWs4cy1hd3MtaWQmWC1BbXotU2lnbmF0dXJlPTJmNTU2M2FiNWViMmNlNTAwYzQ4YTNhMmRhZjg1M2QwMmY0YjVkNTA1MzVkYjM3MjY1OTNhZWJiNDNkYmYwNWU"
          },
          "sensitive_attributes": []
        }
      ]
    },
    {
      "module": "module.eks",
      "mode": "data",
      "type": "aws_ami",
      "name": "eks_worker",
      "provider": "provider[\"registry.terraform.io/hashicorp/aws\"]",
      "instances": [
        {
          "index_key": 0,
          "schema_version": 0,
          "attributes": {
            "architecture": "x86_64",
            "arn": "arn:aws:ec2:us-east-2::image/ami-038570ebfe9dc94cc",
            "block_device_mappings": [
              {
                "device_name": "/dev/xvda",
                "ebs": {
                  "delete_on_termination": "true",
                  "encrypted": "false",
                  "iops": "0",
                  "snapshot_id": "snap-05b3aebb98b955393",
                  "throughput": "0",
                  "volume_size": "20",
                  "volume_type": "gp2"
                },
                "no_device": "",
                "virtual_name": ""
              }
            ],
            "creation_date": "2021-10-01T08:07:14.000Z",
            "description": "EKS Kubernetes Worker AMI with AmazonLinux2 image, (k8s: 1.20.7, docker: 19.03.13ce-1.amzn2, containerd: 1.4.6-2.amzn2)",
            "ena_support": true,
            "executable_users": null,
            "filter": [
              {
                "name": "name",
                "values": [
                  "amazon-eks-node-1.20-v*"
                ]
              }
            ],
            "hypervisor": "xen",
            "id": "ami-038570ebfe9dc94cc",
            "image_id": "ami-038570ebfe9dc94cc",
            "image_location": "amazon/amazon-eks-node-1.20-v20211001",
            "image_owner_alias": "amazon",
            "image_type": "machine",
            "kernel_id": null,
            "most_recent": true,
            "name": "amazon-eks-node-1.20-v20211001",
            "name_regex": null,
            "owner_id": "602401143452",
            "owners": [
              "amazon"
            ],
            "platform": null,
            "platform_details": "Linux/UNIX",
            "product_codes": [],
            "public": true,
            "ramdisk_id": null,
            "root_device_name": "/dev/xvda",
            "root_device_type": "ebs",
            "root_snapshot_id": "snap-05b3aebb98b955393",
            "sriov_net_support": "simple",
            "state": "available",
            "state_reason": {
              "code": "UNSET",
              "message": "UNSET"
            },
            "tags": {},
            "usage_operation": "RunInstances",
            "virtualization_type": "hvm"
          },
          "sensitive_attributes": []
        }
      ]
    },
    {
      "module": "module.eks",
      "mode": "data",
      "type": "aws_caller_identity",
      "name": "current",
      "provider": "provider[\"registry.terraform.io/hashicorp/aws\"]",
      "instances": [
        {
          "schema_version": 0,
          "attributes": {
            "account_id": "981894193627",
            "arn": "arn:aws:iam::981894193627:user/second-sancti",
            "id": "981894193627",
            "user_id": "AIDA6JHLUMHNX72KRS3V4"
          },
          "sensitive_attributes": []
        }
      ]
    },
    {
      "module": "module.eks",
      "mode": "data",
      "type": "aws_iam_policy_document",
      "name": "cluster_assume_role_policy",
      "provider": "provider[\"registry.terraform.io/hashicorp/aws\"]",
      "instances": [
        {
          "schema_version": 0,
          "attributes": {
            "id": "2764486067",
            "json": "{\n  \"Version\": \"2012-10-17\",\n  \"Statement\": [\n    {\n      \"Sid\": \"EKSClusterAssumeRole\",\n      \"Effect\": \"Allow\",\n      \"Action\": \"sts:AssumeRole\",\n      \"Principal\": {\n        \"Service\": \"eks.amazonaws.com\"\n      }\n    }\n  ]\n}",
            "override_json": null,
            "override_policy_documents": null,
            "policy_id": null,
            "source_json": null,
            "source_policy_documents": null,
            "statement": [
              {
                "actions": [
                  "sts:AssumeRole"
                ],
                "condition": [],
                "effect": "Allow",
                "not_actions": [],
                "not_principals": [],
                "not_resources": [],
                "principals": [
                  {
                    "identifiers": [
                      "eks.amazonaws.com"
                    ],
                    "type": "Service"
                  }
                ],
                "resources": [],
                "sid": "EKSClusterAssumeRole"
              }
            ],
            "version": "2012-10-17"
          },
          "sensitive_attributes": []
        }
      ]
    },
    {
      "module": "module.eks",
      "mode": "data",
      "type": "aws_iam_policy_document",
      "name": "workers_assume_role_policy",
      "provider": "provider[\"registry.terraform.io/hashicorp/aws\"]",
      "instances": [
        {
          "schema_version": 0,
          "attributes": {
            "id": "3778018924",
            "json": "{\n  \"Version\": \"2012-10-17\",\n  \"Statement\": [\n    {\n      \"Sid\": \"EKSWorkerAssumeRole\",\n      \"Effect\": \"Allow\",\n      \"Action\": \"sts:AssumeRole\",\n      \"Principal\": {\n        \"Service\": \"ec2.amazonaws.com\"\n      }\n    }\n  ]\n}",
            "override_json": null,
            "override_policy_documents": null,
            "policy_id": null,
            "source_json": null,
            "source_policy_documents": null,
            "statement": [
              {
                "actions": [
                  "sts:AssumeRole"
                ],
                "condition": [],
                "effect": "Allow",
                "not_actions": [],
                "not_principals": [],
                "not_resources": [],
                "principals": [
                  {
                    "identifiers": [
                      "ec2.amazonaws.com"
                    ],
                    "type": "Service"
                  }
                ],
                "resources": [],
                "sid": "EKSWorkerAssumeRole"
              }
            ],
            "version": "2012-10-17"
          },
          "sensitive_attributes": []
        }
      ]
    },
    {
      "module": "module.eks",
      "mode": "data",
      "type": "aws_partition",
      "name": "current",
      "provider": "provider[\"registry.terraform.io/hashicorp/aws\"]",
      "instances": [
        {
          "schema_version": 0,
          "attributes": {
            "dns_suffix": "amazonaws.com",
            "id": "aws",
            "partition": "aws",
            "reverse_dns_prefix": "com.amazonaws"
          },
          "sensitive_attributes": []
        }
      ]
    },
    {
      "module": "module.eks",
      "mode": "data",
      "type": "http",
      "name": "wait_for_cluster",
      "provider": "provider[\"registry.terraform.io/terraform-aws-modules/http\"]",
      "instances": [
        {
          "index_key": 0,
          "schema_version": 0,
          "attributes": {
            "body": "ok",
            "ca_certificate": "-----BEGIN CERTIFICATE-----\nMIIC5zCCAc+gAwIBAgIBADANBgkqhkiG9w0BAQsFADAVMRMwEQYDVQQDEwprdWJl\ncm5ldGVzMB4XDTIxMTAwNDA2MTgyN1oXDTMxMTAwMjA2MTgyN1owFTETMBEGA1UE\nAxMKa3ViZXJuZXRlczCCASIwDQYJKoZIhvcNAQEBBQADggEPADCCAQoCggEBAMAM\nQTJeyN8U4AU/YhBkRwVtpMzNd/1F6/uGEfs8XysDoEQ1V6YN0RjQFH5ea7umWu/6\neCJBfSCuf5CluguU3IPvvRTCy9KTVWwKqH8Wzz8i3pb28Rdap55J+cvTBt7a2J8n\nkj9/9f5N5++onfHW9Kx7K3kFoJfpKnaNXeRq09Y5XCWywrJjn+ezzaL1PXrEQbEK\np/UMGK1/pGWWVcPoIvIujaj9Y8Ir6B3EAZSsg4kPe4sJ2KpsjGbz6O1ifPGTSC7C\nciZ0CY8KE4a/niLIciZjlWX8OuHA1lCjzvOvHtx6T5bBfmBhoNm1ZTnqgPluu29N\nKivCF/Q+irvc+zgdo9kCAwEAAaNCMEAwDgYDVR0PAQH/BAQDAgKkMA8GA1UdEwEB\n/wQFMAMBAf8wHQYDVR0OBBYEFL5F9rVmEbQRmPUWeOgT11jKEcvxMA0GCSqGSIb3\nDQEBCwUAA4IBAQAd6wjY38335GExyUAzHuqw53VCbI1TYConbOqz8rN8LsMk6yOl\nyqmKkpjeslni2TB8TZuhyXNZYWXKdz3kSawPNwxEpBv4YqZ2a8UMOjtYSO4zlUo3\nhCz2IGuS+RSEDfZxpKNGUBi3/5dDb5p9rPUOtYvdlOoxTzIuJAMJO4xtp51b88NQ\nEsRpO4boJohCtTLrqHdeiDhJR5coWQH3qWFNeRnnCw6gTSUKgH3YkImIK3/v1dUl\neJXrx+jn3Bg/RcGXnnnwzsbWDzAz+7yQfhl84FIYNfrlM2OqUNPd1RZN8WRRS2V3\n4TZD+LfbkYhMVUK7UgOr5jd35PEzYlroIvuW\n-----END CERTIFICATE-----\n",
            "id": "https://270B7689533AFA15CA6E45E804C3BB09.gr7.us-east-2.eks.amazonaws.com/healthz",
            "insecure": false,
            "request_headers": null,
            "response_headers": {
              "Cache-Control": "no-cache, private",
              "Content-Length": "2",
              "Content-Type": "text/plain; charset=utf-8",
              "Date": "Mon, 04 Oct 2021 06:43:22 GMT",
              "X-Content-Type-Options": "nosniff",
              "X-Kubernetes-Pf-Flowschema-Uid": "f16ea255-d572-4ce7-9d50-5311bd37e055",
              "X-Kubernetes-Pf-Prioritylevel-Uid": "f52535d1-7aa0-4592-b0d3-011b17ce94a5"
            },
            "timeout": 300,
            "url": "https://270B7689533AFA15CA6E45E804C3BB09.gr7.us-east-2.eks.amazonaws.com/healthz"
          },
          "sensitive_attributes": []
        }
      ]
    },
    {
      "module": "module.eks",
      "mode": "managed",
      "type": "aws_eks_cluster",
      "name": "this",
      "provider": "provider[\"registry.terraform.io/hashicorp/aws\"]",
      "instances": [
        {
          "index_key": 0,
          "schema_version": 0,
          "attributes": {
            "arn": "arn:aws:eks:us-east-2:981894193627:cluster/vmw-eks-cluster",
            "certificate_authority": [
              {
                "data": "LS0tLS1CRUdJTiBDRVJUSUZJQ0FURS0tLS0tCk1JSUM1ekNDQWMrZ0F3SUJBZ0lCQURBTkJna3Foa2lHOXcwQkFRc0ZBREFWTVJNd0VRWURWUVFERXdwcmRXSmwKY201bGRHVnpNQjRYRFRJeE1UQXdOREEyTVRneU4xb1hEVE14TVRBd01qQTJNVGd5TjFvd0ZURVRNQkVHQTFVRQpBeE1LYTNWaVpYSnVaWFJsY3pDQ0FTSXdEUVlKS29aSWh2Y05BUUVCQlFBRGdnRVBBRENDQVFvQ2dnRUJBTUFNClFUSmV5TjhVNEFVL1loQmtSd1Z0cE16TmQvMUY2L3VHRWZzOFh5c0RvRVExVjZZTjBSalFGSDVlYTd1bVd1LzYKZUNKQmZTQ3VmNUNsdWd1VTNJUHZ2UlRDeTlLVFZXd0txSDhXeno4aTNwYjI4UmRhcDU1SitjdlRCdDdhMko4bgprajkvOWY1TjUrK29uZkhXOUt4N0sza0ZvSmZwS25hTlhlUnEwOVk1WENXeXdySmpuK2V6emFMMVBYckVRYkVLCnAvVU1HSzEvcEdXV1ZjUG9Jdkl1amFqOVk4SXI2QjNFQVpTc2c0a1BlNHNKMktwc2pHYno2TzFpZlBHVFNDN0MKY2laMENZOEtFNGEvbmlMSWNpWmpsV1g4T3VIQTFsQ2p6dk92SHR4NlQ1YkJmbUJob05tMVpUbnFnUGx1dTI5TgpLaXZDRi9RK2lydmMremdkbzlrQ0F3RUFBYU5DTUVBd0RnWURWUjBQQVFIL0JBUURBZ0trTUE4R0ExVWRFd0VCCi93UUZNQU1CQWY4d0hRWURWUjBPQkJZRUZMNUY5clZtRWJRUm1QVVdlT2dUMTFqS0VjdnhNQTBHQ1NxR1NJYjMKRFFFQkN3VUFBNElCQVFBZDZ3alkzODMzNUdFeHlVQXpIdXF3NTNWQ2JJMVRZQ29uYk9xejhyTjhMc01rNnlPbAp5cW1La3BqZXNsbmkyVEI4VFp1aHlYTlpZV1hLZHoza1Nhd1BOd3hFcEJ2NFlxWjJhOFVNT2p0WVNPNHpsVW8zCmhDejJJR3VTK1JTRURmWnhwS05HVUJpMy81ZERiNXA5clBVT3RZdmRsT294VHpJdUpBTUpPNHh0cDUxYjg4TlEKRXNScE80Ym9Kb2hDdFRMcnFIZGVpRGhKUjVjb1dRSDNxV0ZOZVJubkN3NmdUU1VLZ0gzWWtJbUlLMy92MWRVbAplSlhyeCtqbjNCZy9SY0dYbm5ud3pzYldEekF6Kzd5UWZobDg0RklZTmZybE0yT3FVTlBkMVJaTjhXUlJTMlYzCjRUWkQrTGZia1loTVZVSzdVZ09yNWpkMzVQRXpZbHJvSXZ1VwotLS0tLUVORCBDRVJUSUZJQ0FURS0tLS0tCg=="
              }
            ],
            "created_at": "2021-10-04 06:11:46.419 +0000 UTC",
            "enabled_cluster_log_types": [],
            "encryption_config": [],
            "endpoint": "https://270B7689533AFA15CA6E45E804C3BB09.gr7.us-east-2.eks.amazonaws.com",
            "id": "vmw-eks-cluster",
            "identity": [
              {
                "oidc": [
                  {
                    "issuer": "https://oidc.eks.us-east-2.amazonaws.com/id/270B7689533AFA15CA6E45E804C3BB09"
                  }
                ]
              }
            ],
            "kubernetes_network_config": [
              {
                "service_ipv4_cidr": "172.20.0.0/16"
              }
            ],
            "name": "vmw-eks-cluster",
            "platform_version": "eks.2",
            "role_arn": "arn:aws:iam::981894193627:role/vmw-eks-cluster20211004045916711100000001",
            "status": "ACTIVE",
            "tags": {
              "application": "vmw",
              "environment": "dev"
            },
            "tags_all": {
              "application": "vmw",
              "environment": "dev"
            },
            "timeouts": {
              "create": "30m",
              "delete": "15m",
              "update": "60m"
            },
            "version": "1.20",
            "vpc_config": [
              {
                "cluster_security_group_id": "sg-032feb2f561489fec",
                "endpoint_private_access": false,
                "endpoint_public_access": true,
                "public_access_cidrs": [
                  "0.0.0.0/0"
                ],
                "security_group_ids": [
                  "sg-00c1ad2a5a5538cec"
                ],
                "subnet_ids": [
                  "subnet-09df361ea557c78d8",
                  "subnet-0b83cccf36231cb9f",
                  "subnet-0e32588e2396ce5f8"
                ],
                "vpc_id": "vpc-02c1e274d1a9cc631"
              }
            ]
          },
          "sensitive_attributes": [],
          "private": "eyJlMmJmYjczMC1lY2FhLTExZTYtOGY4OC0zNDM2M2JjN2M0YzAiOnsiY3JlYXRlIjoxODAwMDAwMDAwMDAwLCJkZWxldGUiOjkwMDAwMDAwMDAwMCwidXBkYXRlIjozNjAwMDAwMDAwMDAwfX0=",
          "dependencies": [
            "module.eks.aws_iam_role_policy_attachment.cluster_AmazonEKSServicePolicy",
            "module.eks.aws_iam_role_policy_attachment.cluster_AmazonEKSVPCResourceControllerPolicy",
            "module.eks.aws_security_group_rule.cluster_egress_internet",
            "module.eks.aws_cloudwatch_log_group.this",
            "module.eks.aws_iam_role.cluster",
            "module.eks.aws_iam_role_policy_attachment.cluster_AmazonEKSClusterPolicy",
            "module.eks.aws_security_group.cluster",
            "module.eks.aws_security_group.workers",
            "module.eks.aws_security_group_rule.cluster_https_worker_ingress",
            "module.eks.data.aws_partition.current",
            "module.vmw-vpc.aws_vpc.this",
            "data.aws_availability_zones.azs",
            "module.eks.data.aws_iam_policy_document.cluster_assume_role_policy",
            "module.eks.data.aws_iam_role.custom_cluster_iam_role",
            "module.vmw-vpc.aws_subnet.private",
            "module.vmw-vpc.aws_vpc_ipv4_cidr_block_association.this"
          ],
          "create_before_destroy": true
        }
      ]
    },
    {
      "module": "module.eks",
      "mode": "managed",
      "type": "aws_iam_instance_profile",
      "name": "workers",
      "provider": "provider[\"registry.terraform.io/hashicorp/aws\"]",
      "instances": [
        {
          "index_key": 0,
          "schema_version": 0,
          "attributes": {
            "arn": "arn:aws:iam::981894193627:instance-profile/vmw-eks-cluster20211004062336240700000006",
            "create_date": "2021-10-04T06:23:36Z",
            "id": "vmw-eks-cluster20211004062336240700000006",
            "name": "vmw-eks-cluster20211004062336240700000006",
            "name_prefix": "vmw-eks-cluster",
            "path": "/",
            "role": "vmw-eks-cluster20211004062335539900000005",
            "tags": {
              "application": "vmw",
              "environment": "dev"
            },
            "tags_all": {
              "application": "vmw",
              "environment": "dev"
            },
            "unique_id": "AIPA6JHLUMHNY5JY324U4"
          },
          "sensitive_attributes": [],
          "private": "bnVsbA==",
          "dependencies": [
            "module.eks.aws_eks_cluster.this",
            "module.eks.aws_iam_role.cluster",
            "module.eks.aws_iam_role_policy_attachment.cluster_AmazonEKSServicePolicy",
            "module.eks.aws_iam_role_policy_attachment.cluster_AmazonEKSVPCResourceControllerPolicy",
            "module.vmw-vpc.aws_vpc_ipv4_cidr_block_association.this",
            "module.eks.aws_cloudwatch_log_group.this",
            "module.eks.aws_iam_role.workers",
            "module.eks.aws_iam_role_policy_attachment.cluster_AmazonEKSClusterPolicy",
            "module.eks.data.aws_iam_policy_document.cluster_assume_role_policy",
            "module.eks.data.aws_partition.current",
            "module.vmw-vpc.aws_subnet.private",
            "data.aws_availability_zones.azs",
            "module.eks.aws_security_group.cluster",
            "module.eks.aws_security_group_rule.cluster_egress_internet",
            "module.eks.data.aws_iam_role.custom_cluster_iam_role",
            "module.vmw-vpc.aws_vpc.this",
            "module.eks.aws_security_group.workers",
            "module.eks.aws_security_group_rule.cluster_https_worker_ingress",
            "module.eks.data.aws_iam_policy_document.workers_assume_role_policy"
          ],
          "create_before_destroy": true
        },
        {
          "index_key": 1,
          "schema_version": 0,
          "attributes": {
            "arn": "arn:aws:iam::981894193627:instance-profile/vmw-eks-cluster20211004062336241100000007",
            "create_date": "2021-10-04T06:23:36Z",
            "id": "vmw-eks-cluster20211004062336241100000007",
            "name": "vmw-eks-cluster20211004062336241100000007",
            "name_prefix": "vmw-eks-cluster",
            "path": "/",
            "role": "vmw-eks-cluster20211004062335539900000005",
            "tags": {
              "application": "vmw",
              "environment": "dev"
            },
            "tags_all": {
              "application": "vmw",
              "environment": "dev"
            },
            "unique_id": "AIPA6JHLUMHN3RXGSA6YB"
          },
          "sensitive_attributes": [],
          "private": "bnVsbA==",
          "dependencies": [
            "module.eks.aws_security_group_rule.cluster_https_worker_ingress",
            "module.eks.data.aws_iam_role.custom_cluster_iam_role",
            "module.vmw-vpc.aws_vpc_ipv4_cidr_block_association.this",
            "module.eks.aws_cloudwatch_log_group.this",
            "module.eks.aws_eks_cluster.this",
            "module.eks.aws_iam_role.workers",
            "module.eks.aws_iam_role_policy_attachment.cluster_AmazonEKSClusterPolicy",
            "module.eks.aws_security_group.workers",
            "module.eks.aws_security_group_rule.cluster_egress_internet",
            "module.eks.data.aws_iam_policy_document.workers_assume_role_policy",
            "module.vmw-vpc.aws_subnet.private",
            "data.aws_availability_zones.azs",
            "module.eks.aws_iam_role.cluster",
            "module.eks.data.aws_iam_policy_document.cluster_assume_role_policy",
            "module.eks.data.aws_partition.current",
            "module.vmw-vpc.aws_vpc.this",
            "module.eks.aws_iam_role_policy_attachment.cluster_AmazonEKSServicePolicy",
            "module.eks.aws_iam_role_policy_attachment.cluster_AmazonEKSVPCResourceControllerPolicy",
            "module.eks.aws_security_group.cluster"
          ],
          "create_before_destroy": true
        }
      ]
    },
    {
      "module": "module.eks",
      "mode": "managed",
      "type": "aws_iam_role",
      "name": "cluster",
      "provider": "provider[\"registry.terraform.io/hashicorp/aws\"]",
      "instances": [
        {
          "index_key": 0,
          "schema_version": 0,
          "attributes": {
            "arn": "arn:aws:iam::981894193627:role/vmw-eks-cluster20211004045916711100000001",
            "assume_role_policy": "{\"Version\":\"2012-10-17\",\"Statement\":[{\"Sid\":\"EKSClusterAssumeRole\",\"Effect\":\"Allow\",\"Principal\":{\"Service\":\"eks.amazonaws.com\"},\"Action\":\"sts:AssumeRole\"}]}",
            "create_date": "2021-10-04T04:59:16Z",
            "description": "",
            "force_detach_policies": true,
            "id": "vmw-eks-cluster20211004045916711100000001",
            "inline_policy": [
              {
                "name": "",
                "policy": ""
              }
            ],
            "managed_policy_arns": [
              "arn:aws:iam::981894193627:policy/vmw-eks-cluster-elb-sl-role-creation20211004061129641600000001",
              "arn:aws:iam::aws:policy/AmazonEKSClusterPolicy",
              "arn:aws:iam::aws:policy/AmazonEKSServicePolicy",
              "arn:aws:iam::aws:policy/AmazonEKSVPCResourceController"
            ],
            "max_session_duration": 3600,
            "name": "vmw-eks-cluster20211004045916711100000001",
            "name_prefix": "vmw-eks-cluster",
            "path": "/",
            "permissions_boundary": null,
            "tags": {
              "application": "vmw",
              "environment": "dev"
            },
            "tags_all": {
              "application": "vmw",
              "environment": "dev"
            },
            "unique_id": "AROA6JHLUMHNS7BLQV6KC"
          },
          "sensitive_attributes": [],
          "private": "bnVsbA==",
          "dependencies": [
            "module.eks.data.aws_iam_policy_document.cluster_assume_role_policy"
          ],
          "create_before_destroy": true
        }
      ]
    },
    {
      "module": "module.eks",
      "mode": "managed",
      "type": "aws_iam_role",
      "name": "workers",
      "provider": "provider[\"registry.terraform.io/hashicorp/aws\"]",
      "instances": [
        {
          "index_key": 0,
          "schema_version": 0,
          "attributes": {
            "arn": "arn:aws:iam::981894193627:role/vmw-eks-cluster20211004062335539900000005",
            "assume_role_policy": "{\"Version\":\"2012-10-17\",\"Statement\":[{\"Sid\":\"EKSWorkerAssumeRole\",\"Effect\":\"Allow\",\"Principal\":{\"Service\":\"ec2.amazonaws.com\"},\"Action\":\"sts:AssumeRole\"}]}",
            "create_date": "2021-10-04T06:23:35Z",
            "description": "",
            "force_detach_policies": true,
            "id": "vmw-eks-cluster20211004062335539900000005",
            "inline_policy": [
              {
                "name": "",
                "policy": ""
              }
            ],
            "managed_policy_arns": [
              "arn:aws:iam::aws:policy/AmazonEC2ContainerRegistryReadOnly",
              "arn:aws:iam::aws:policy/AmazonEKSWorkerNodePolicy",
              "arn:aws:iam::aws:policy/AmazonEKS_CNI_Policy"
            ],
            "max_session_duration": 3600,
            "name": "vmw-eks-cluster20211004062335539900000005",
            "name_prefix": "vmw-eks-cluster",
            "path": "/",
            "permissions_boundary": null,
            "tags": {
              "application": "vmw",
              "environment": "dev"
            },
            "tags_all": {
              "application": "vmw",
              "environment": "dev"
            },
            "unique_id": "AROA6JHLUMHNSHEOZBA2Z"
          },
          "sensitive_attributes": [],
          "private": "bnVsbA==",
          "dependencies": [
            "module.eks.aws_iam_role_policy_attachment.cluster_AmazonEKSClusterPolicy",
            "module.eks.aws_iam_role_policy_attachment.cluster_AmazonEKSServicePolicy",
            "module.eks.aws_security_group.cluster",
            "module.eks.aws_security_group.workers",
            "module.eks.data.aws_partition.current",
            "module.vmw-vpc.aws_vpc.this",
            "data.aws_availability_zones.azs",
            "module.eks.aws_cloudwatch_log_group.this",
            "module.eks.aws_iam_role.cluster",
            "module.eks.data.aws_iam_policy_document.workers_assume_role_policy",
            "module.eks.data.aws_iam_role.custom_cluster_iam_role",
            "module.vmw-vpc.aws_vpc_ipv4_cidr_block_association.this",
            "module.eks.aws_eks_cluster.this",
            "module.eks.aws_iam_role_policy_attachment.cluster_AmazonEKSVPCResourceControllerPolicy",
            "module.eks.aws_security_group_rule.cluster_egress_internet",
            "module.eks.aws_security_group_rule.cluster_https_worker_ingress",
            "module.eks.data.aws_iam_policy_document.cluster_assume_role_policy",
            "module.vmw-vpc.aws_subnet.private"
          ],
          "create_before_destroy": true
        }
      ]
    },
    {
      "module": "module.eks",
      "mode": "managed",
      "type": "aws_iam_role_policy_attachment",
      "name": "cluster_AmazonEKSClusterPolicy",
      "provider": "provider[\"registry.terraform.io/hashicorp/aws\"]",
      "instances": [
        {
          "index_key": 0,
          "schema_version": 0,
          "attributes": {
            "id": "vmw-eks-cluster20211004045916711100000001-20211004045917381900000006",
            "policy_arn": "arn:aws:iam::aws:policy/AmazonEKSClusterPolicy",
            "role": "vmw-eks-cluster20211004045916711100000001"
          },
          "sensitive_attributes": [],
          "private": "bnVsbA==",
          "dependencies": [
            "module.eks.aws_iam_role.cluster",
            "module.eks.data.aws_iam_policy_document.cluster_assume_role_policy",
            "module.eks.data.aws_partition.current"
          ],
          "create_before_destroy": true
        }
      ]
    },
    {
      "module": "module.eks",
      "mode": "managed",
      "type": "aws_iam_role_policy_attachment",
      "name": "cluster_AmazonEKSServicePolicy",
      "provider": "provider[\"registry.terraform.io/hashicorp/aws\"]",
      "instances": [
        {
          "index_key": 0,
          "schema_version": 0,
          "attributes": {
            "id": "vmw-eks-cluster20211004045916711100000001-20211004045917380700000005",
            "policy_arn": "arn:aws:iam::aws:policy/AmazonEKSServicePolicy",
            "role": "vmw-eks-cluster20211004045916711100000001"
          },
          "sensitive_attributes": [],
          "private": "bnVsbA==",
          "dependencies": [
            "module.eks.aws_iam_role.cluster",
            "module.eks.data.aws_iam_policy_document.cluster_assume_role_policy",
            "module.eks.data.aws_partition.current"
          ],
          "create_before_destroy": true
        }
      ]
    },
    {
      "module": "module.eks",
      "mode": "managed",
      "type": "aws_iam_role_policy_attachment",
      "name": "cluster_AmazonEKSVPCResourceControllerPolicy",
      "provider": "provider[\"registry.terraform.io/hashicorp/aws\"]",
      "instances": [
        {
          "index_key": 0,
          "schema_version": 0,
          "attributes": {
            "id": "vmw-eks-cluster20211004045916711100000001-20211004045917378000000003",
            "policy_arn": "arn:aws:iam::aws:policy/AmazonEKSVPCResourceController",
            "role": "vmw-eks-cluster20211004045916711100000001"
          },
          "sensitive_attributes": [],
          "private": "bnVsbA==",
          "dependencies": [
            "module.eks.aws_iam_role.cluster",
            "module.eks.data.aws_iam_policy_document.cluster_assume_role_policy",
            "module.eks.data.aws_partition.current"
          ],
          "create_before_destroy": true
        }
      ]
    },
    {
      "module": "module.eks",
      "mode": "managed",
      "type": "aws_security_group",
      "name": "cluster",
      "provider": "provider[\"registry.terraform.io/hashicorp/aws\"]",
      "instances": [
        {
          "index_key": 0,
          "schema_version": 1,
          "attributes": {
            "arn": "arn:aws:ec2:us-east-2:981894193627:security-group/sg-00c1ad2a5a5538cec",
            "description": "EKS cluster security group.",
            "egress": [
              {
                "cidr_blocks": [
                  "0.0.0.0/0"
                ],
                "description": "Allow cluster egress access to the Internet.",
                "from_port": 0,
                "ipv6_cidr_blocks": [],
                "prefix_list_ids": [],
                "protocol": "-1",
                "security_groups": [],
                "self": false,
                "to_port": 0
              }
            ],
            "id": "sg-00c1ad2a5a5538cec",
            "ingress": [
              {
                "cidr_blocks": [],
                "description": "Allow pods to communicate with the EKS cluster API.",
                "from_port": 443,
                "ipv6_cidr_blocks": [],
                "prefix_list_ids": [],
                "protocol": "tcp",
                "security_groups": [
                  "sg-0a2f935cfd336ac96"
                ],
                "self": false,
                "to_port": 443
              }
            ],
            "name": "vmw-eks-cluster20211004061142113700000003",
            "name_prefix": "vmw-eks-cluster",
            "owner_id": "981894193627",
            "revoke_rules_on_delete": false,
            "tags": {
              "Name": "vmw-eks-cluster-eks_cluster_sg",
              "application": "vmw",
              "environment": "dev"
            },
            "tags_all": {
              "Name": "vmw-eks-cluster-eks_cluster_sg",
              "application": "vmw",
              "environment": "dev"
            },
            "timeouts": null,
            "vpc_id": "vpc-02c1e274d1a9cc631"
          },
          "sensitive_attributes": [],
          "private": "eyJlMmJmYjczMC1lY2FhLTExZTYtOGY4OC0zNDM2M2JjN2M0YzAiOnsiY3JlYXRlIjo2MDAwMDAwMDAwMDAsImRlbGV0ZSI6OTAwMDAwMDAwMDAwfSwic2NoZW1hX3ZlcnNpb24iOiIxIn0=",
          "dependencies": [
            "module.vmw-vpc.aws_vpc.this"
          ],
          "create_before_destroy": true
        }
      ]
    },
    {
      "module": "module.eks",
      "mode": "managed",
      "type": "aws_security_group",
      "name": "workers",
      "provider": "provider[\"registry.terraform.io/hashicorp/aws\"]",
      "instances": [
        {
          "index_key": 0,
          "schema_version": 1,
          "attributes": {
            "arn": "arn:aws:ec2:us-east-2:981894193627:security-group/sg-0a2f935cfd336ac96",
            "description": "Security group for all nodes in the cluster.",
            "egress": [
              {
                "cidr_blocks": [
                  "0.0.0.0/0"
                ],
                "description": "Allow nodes all egress to the Internet.",
                "from_port": 0,
                "ipv6_cidr_blocks": [],
                "prefix_list_ids": [],
                "protocol": "-1",
                "security_groups": [],
                "self": false,
                "to_port": 0
              }
            ],
            "id": "sg-0a2f935cfd336ac96",
            "ingress": [
              {
                "cidr_blocks": [],
                "description": "Allow node to communicate with each other.",
                "from_port": 0,
                "ipv6_cidr_blocks": [],
                "prefix_list_ids": [],
                "protocol": "-1",
                "security_groups": [],
                "self": true,
                "to_port": 0
              },
              {
                "cidr_blocks": [],
                "description": "Allow pods running extension API servers on port 443 to receive communication from cluster control plane.",
                "from_port": 443,
                "ipv6_cidr_blocks": [],
                "prefix_list_ids": [],
                "protocol": "tcp",
                "security_groups": [
                  "sg-00c1ad2a5a5538cec"
                ],
                "self": false,
                "to_port": 443
              },
              {
                "cidr_blocks": [],
                "description": "Allow workers pods to receive communication from the cluster control plane.",
                "from_port": 1025,
                "ipv6_cidr_blocks": [],
                "prefix_list_ids": [],
                "protocol": "tcp",
                "security_groups": [
                  "sg-00c1ad2a5a5538cec"
                ],
                "self": false,
                "to_port": 65535
              }
            ],
            "name": "vmw-eks-cluster20211004061142713400000004",
            "name_prefix": "vmw-eks-cluster",
            "owner_id": "981894193627",
            "revoke_rules_on_delete": false,
            "tags": {
              "Name": "vmw-eks-cluster-eks_worker_sg",
              "application": "vmw",
              "environment": "dev",
              "kubernetes.io/cluster/vmw-eks-cluster": "owned"
            },
            "tags_all": {
              "Name": "vmw-eks-cluster-eks_worker_sg",
              "application": "vmw",
              "environment": "dev",
              "kubernetes.io/cluster/vmw-eks-cluster": "owned"
            },
            "timeouts": null,
            "vpc_id": "vpc-02c1e274d1a9cc631"
          },
          "sensitive_attributes": [],
          "private": "eyJlMmJmYjczMC1lY2FhLTExZTYtOGY4OC0zNDM2M2JjN2M0YzAiOnsiY3JlYXRlIjo2MDAwMDAwMDAwMDAsImRlbGV0ZSI6OTAwMDAwMDAwMDAwfSwic2NoZW1hX3ZlcnNpb24iOiIxIn0=",
          "dependencies": [
            "module.vmw-vpc.aws_vpc.this"
          ],
          "create_before_destroy": true
        }
      ]
    },
    {
      "module": "module.eks",
      "mode": "managed",
      "type": "aws_security_group_rule",
      "name": "cluster_egress_internet",
      "provider": "provider[\"registry.terraform.io/hashicorp/aws\"]",
      "instances": [
        {
          "index_key": 0,
          "schema_version": 2,
          "attributes": {
            "cidr_blocks": [
              "0.0.0.0/0"
            ],
            "description": "Allow cluster egress access to the Internet.",
            "from_port": 0,
            "id": "sgrule-3399032068",
            "ipv6_cidr_blocks": [],
            "prefix_list_ids": [],
            "protocol": "-1",
            "security_group_id": "sg-00c1ad2a5a5538cec",
            "self": false,
            "source_security_group_id": null,
            "to_port": 0,
            "type": "egress"
          },
          "sensitive_attributes": [],
          "private": "eyJzY2hlbWFfdmVyc2lvbiI6IjIifQ==",
          "dependencies": [
            "module.eks.aws_security_group.cluster",
            "module.vmw-vpc.aws_vpc.this"
          ],
          "create_before_destroy": true
        }
      ]
    },
    {
      "module": "module.eks",
      "mode": "managed",
      "type": "aws_security_group_rule",
      "name": "cluster_https_worker_ingress",
      "provider": "provider[\"registry.terraform.io/hashicorp/aws\"]",
      "instances": [
        {
          "index_key": 0,
          "schema_version": 2,
          "attributes": {
            "cidr_blocks": [],
            "description": "Allow pods to communicate with the EKS cluster API.",
            "from_port": 443,
            "id": "sgrule-1571753405",
            "ipv6_cidr_blocks": [],
            "prefix_list_ids": [],
            "protocol": "tcp",
            "security_group_id": "sg-00c1ad2a5a5538cec",
            "self": false,
            "source_security_group_id": "sg-0a2f935cfd336ac96",
            "to_port": 443,
            "type": "ingress"
          },
          "sensitive_attributes": [],
          "private": "eyJzY2hlbWFfdmVyc2lvbiI6IjIifQ==",
          "dependencies": [
            "module.eks.aws_security_group.cluster",
            "module.eks.aws_security_group.workers",
            "module.vmw-vpc.aws_vpc.this"
          ],
          "create_before_destroy": true
        }
      ]
    },
    {
      "module": "module.eks",
      "mode": "managed",
      "type": "kubernetes_config_map",
      "name": "aws_auth",
      "provider": "provider[\"registry.terraform.io/hashicorp/kubernetes\"]",
      "instances": [
        {
          "index_key": 0,
          "schema_version": 0,
          "attributes": {
            "binary_data": {},
            "data": {
              "mapAccounts": "[]\n",
              "mapRoles": "- \"groups\":\n  - \"system:bootstrappers\"\n  - \"system:nodes\"\n  \"rolearn\": \"arn:aws:iam::981894193627:role/vmw-eks-cluster20211004062335539900000005\"\n  \"username\": \"system:node:{{EC2PrivateDNSName}}\"\n",
              "mapUsers": "[]\n"
            },
            "id": "kube-system/aws-auth",
            "metadata": [
              {
                "annotations": {},
                "generate_name": "",
                "generation": 0,
                "labels": {
                  "app.kubernetes.io/managed-by": "Terraform",
                  "terraform.io/module": "terraform-aws-modules.eks.aws"
                },
                "name": "aws-auth",
                "namespace": "kube-system",
                "resource_version": "720",
                "uid": "233bde05-f68f-427a-bdad-3c4f9c678f85"
              }
            ]
          },
          "sensitive_attributes": [],
          "private": "bnVsbA==",
          "dependencies": [
            "data.aws_eks_cluster_auth.vmw-cluster",
            "module.eks.aws_eks_cluster.this",
            "module.eks.aws_security_group_rule.cluster_egress_internet",
            "module.eks.data.aws_ami.eks_worker",
            "module.vmw-vpc.aws_subnet.private",
            "module.vmw-vpc.aws_vpc.this",
            "module.eks.aws_iam_role.workers",
            "module.eks.aws_security_group.cluster",
            "module.eks.aws_security_group_rule.cluster_https_worker_ingress",
            "module.eks.aws_security_group_rule.cluster_private_access_sg_source",
            "module.eks.aws_iam_role_policy_attachment.cluster_AmazonEKSVPCResourceControllerPolicy",
            "module.eks.data.aws_partition.current",
            "module.eks.data.http.wait_for_cluster",
            "module.vmw-vpc.aws_vpc_ipv4_cidr_block_association.this",
            "module.eks.aws_iam_instance_profile.workers",
            "module.eks.data.aws_caller_identity.current",
            "module.eks.data.aws_iam_instance_profile.custom_worker_group_launch_template_iam_instance_profile",
            "module.eks.data.aws_iam_role.custom_cluster_iam_role",
            "module.eks.module.fargate.data.aws_iam_policy_document.eks_fargate_pod_assume_role",
            "data.aws_availability_zones.azs",
            "module.eks.aws_iam_role.cluster",
            "module.eks.aws_security_group.workers",
            "module.eks.module.fargate.aws_iam_role.eks_fargate_pod",
            "module.eks.module.fargate.data.aws_iam_role.custom_fargate_iam_role",
            "module.eks.aws_iam_instance_profile.workers_launch_template",
            "module.eks.aws_iam_role_policy_attachment.cluster_AmazonEKSServicePolicy",
            "module.eks.data.aws_ami.eks_worker_windows",
            "module.eks.data.aws_iam_policy_document.workers_assume_role_policy",
            "module.eks.aws_iam_role_policy_attachment.cluster_AmazonEKSClusterPolicy",
            "module.eks.aws_security_group_rule.cluster_private_access_cidrs_source",
            "module.eks.data.aws_iam_instance_profile.custom_worker_group_iam_instance_profile",
            "module.eks.data.aws_iam_policy_document.cluster_assume_role_policy",
            "data.aws_eks_cluster.vmw-cluster",
            "module.eks.aws_cloudwatch_log_group.this"
          ],
          "create_before_destroy": true
        }
      ]
    },
    {
      "module": "module.vmw-vpc",
      "mode": "managed",
      "type": "aws_subnet",
      "name": "private",
      "provider": "provider[\"registry.terraform.io/hashicorp/aws\"]",
      "instances": [
        {
          "index_key": 0,
          "schema_version": 1,
          "attributes": {
            "arn": "arn:aws:ec2:us-east-2:981894193627:subnet/subnet-0e32588e2396ce5f8",
            "assign_ipv6_address_on_creation": false,
            "availability_zone": "us-east-2a",
            "availability_zone_id": "use2-az1",
            "cidr_block": "10.0.1.0/24",
            "customer_owned_ipv4_pool": "",
            "id": "subnet-0e32588e2396ce5f8",
            "ipv6_cidr_block": "",
            "ipv6_cidr_block_association_id": "",
            "map_customer_owned_ip_on_launch": false,
            "map_public_ip_on_launch": false,
            "outpost_arn": "",
            "owner_id": "981894193627",
            "tags": {
              "Name": "vmw-vpc-private-us-east-2a",
              "kubernetes.io/cluster/vmw-eks-cluster": "shared",
              "kubernetes.io/role/internal-elb": "1"
            },
            "tags_all": {
              "Name": "vmw-vpc-private-us-east-2a",
              "kubernetes.io/cluster/vmw-eks-cluster": "shared",
              "kubernetes.io/role/internal-elb": "1"
            },
            "timeouts": null,
            "vpc_id": "vpc-02c1e274d1a9cc631"
          },
          "sensitive_attributes": [],
          "private": "eyJlMmJmYjczMC1lY2FhLTExZTYtOGY4OC0zNDM2M2JjN2M0YzAiOnsiY3JlYXRlIjo2MDAwMDAwMDAwMDAsImRlbGV0ZSI6MTIwMDAwMDAwMDAwMH0sInNjaGVtYV92ZXJzaW9uIjoiMSJ9",
          "dependencies": [
            "data.aws_availability_zones.azs",
            "module.vmw-vpc.aws_vpc.this",
            "module.vmw-vpc.aws_vpc_ipv4_cidr_block_association.this"
          ],
          "create_before_destroy": true
        },
        {
          "index_key": 1,
          "schema_version": 1,
          "attributes": {
            "arn": "arn:aws:ec2:us-east-2:981894193627:subnet/subnet-0b83cccf36231cb9f",
            "assign_ipv6_address_on_creation": false,
            "availability_zone": "us-east-2b",
            "availability_zone_id": "use2-az2",
            "cidr_block": "10.0.2.0/24",
            "customer_owned_ipv4_pool": "",
            "id": "subnet-0b83cccf36231cb9f",
            "ipv6_cidr_block": "",
            "ipv6_cidr_block_association_id": "",
            "map_customer_owned_ip_on_launch": false,
            "map_public_ip_on_launch": false,
            "outpost_arn": "",
            "owner_id": "981894193627",
            "tags": {
              "Name": "vmw-vpc-private-us-east-2b",
              "kubernetes.io/cluster/vmw-eks-cluster": "shared",
              "kubernetes.io/role/internal-elb": "1"
            },
            "tags_all": {
              "Name": "vmw-vpc-private-us-east-2b",
              "kubernetes.io/cluster/vmw-eks-cluster": "shared",
              "kubernetes.io/role/internal-elb": "1"
            },
            "timeouts": null,
            "vpc_id": "vpc-02c1e274d1a9cc631"
          },
          "sensitive_attributes": [],
          "private": "eyJlMmJmYjczMC1lY2FhLTExZTYtOGY4OC0zNDM2M2JjN2M0YzAiOnsiY3JlYXRlIjo2MDAwMDAwMDAwMDAsImRlbGV0ZSI6MTIwMDAwMDAwMDAwMH0sInNjaGVtYV92ZXJzaW9uIjoiMSJ9",
          "dependencies": [
            "data.aws_availability_zones.azs",
            "module.vmw-vpc.aws_vpc.this",
            "module.vmw-vpc.aws_vpc_ipv4_cidr_block_association.this"
          ],
          "create_before_destroy": true
        },
        {
          "index_key": 2,
          "schema_version": 1,
          "attributes": {
            "arn": "arn:aws:ec2:us-east-2:981894193627:subnet/subnet-09df361ea557c78d8",
            "assign_ipv6_address_on_creation": false,
            "availability_zone": "us-east-2c",
            "availability_zone_id": "use2-az3",
            "cidr_block": "10.0.3.0/24",
            "customer_owned_ipv4_pool": "",
            "id": "subnet-09df361ea557c78d8",
            "ipv6_cidr_block": "",
            "ipv6_cidr_block_association_id": "",
            "map_customer_owned_ip_on_launch": false,
            "map_public_ip_on_launch": false,
            "outpost_arn": "",
            "owner_id": "981894193627",
            "tags": {
              "Name": "vmw-vpc-private-us-east-2c",
              "kubernetes.io/cluster/vmw-eks-cluster": "shared",
              "kubernetes.io/role/internal-elb": "1"
            },
            "tags_all": {
              "Name": "vmw-vpc-private-us-east-2c",
              "kubernetes.io/cluster/vmw-eks-cluster": "shared",
              "kubernetes.io/role/internal-elb": "1"
            },
            "timeouts": null,
            "vpc_id": "vpc-02c1e274d1a9cc631"
          },
          "sensitive_attributes": [],
          "private": "eyJlMmJmYjczMC1lY2FhLTExZTYtOGY4OC0zNDM2M2JjN2M0YzAiOnsiY3JlYXRlIjo2MDAwMDAwMDAwMDAsImRlbGV0ZSI6MTIwMDAwMDAwMDAwMH0sInNjaGVtYV92ZXJzaW9uIjoiMSJ9",
          "dependencies": [
            "data.aws_availability_zones.azs",
            "module.vmw-vpc.aws_vpc.this",
            "module.vmw-vpc.aws_vpc_ipv4_cidr_block_association.this"
          ],
          "create_before_destroy": true
        }
      ]
    },
    {
      "module": "module.vmw-vpc",
      "mode": "managed",
      "type": "aws_vpc",
      "name": "this",
      "provider": "provider[\"registry.terraform.io/hashicorp/aws\"]",
      "instances": [
        {
          "index_key": 0,
          "schema_version": 1,
          "attributes": {
            "arn": "arn:aws:ec2:us-east-2:981894193627:vpc/vpc-02c1e274d1a9cc631",
            "assign_generated_ipv6_cidr_block": false,
            "cidr_block": "10.0.0.0/16",
            "default_network_acl_id": "acl-09ded864c7624e047",
            "default_route_table_id": "rtb-06a601fbc4fd597a7",
            "default_security_group_id": "sg-0327b289f17f3ac95",
            "dhcp_options_id": "dopt-0fc8b664",
            "enable_classiclink": null,
            "enable_classiclink_dns_support": null,
            "enable_dns_hostnames": false,
            "enable_dns_support": true,
            "id": "vpc-02c1e274d1a9cc631",
            "instance_tenancy": "default",
            "ipv6_association_id": "",
            "ipv6_cidr_block": "",
            "main_route_table_id": "rtb-06a601fbc4fd597a7",
            "owner_id": "981894193627",
            "tags": {
              "Name": "vmw-vpc",
              "kubernetes.io/cluster/vmw-eks-cluster": "shared"
            },
            "tags_all": {
              "Name": "vmw-vpc",
              "kubernetes.io/cluster/vmw-eks-cluster": "shared"
            }
          },
          "sensitive_attributes": [],
          "private": "eyJzY2hlbWFfdmVyc2lvbiI6IjEifQ==",
          "create_before_destroy": true
        }
      ]
    }
  ]
}
